{
  "version": 4,
  "terraform_version": "1.0.11",
  "serial": 521,
  "lineage": "4f3f9c15-de15-4926-aee7-98148ad1e5db",
  "outputs": {
    "db_pass": {
      "value": "LbJz4SVQL7oM",
      "type": "string",
      "sensitive": true
    },
    "instance_id": {
      "value": [
        "i-0b6b20fd821a498b9",
        "i-034fb48cdf75342f2"
      ],
      "type": [
        "tuple",
        [
          "string",
          "string"
        ]
      ]
    },
    "instance_public_ip": {
      "value": [
        "34.254.238.110",
        "18.202.78.5"
      ],
      "type": [
        "tuple",
        [
          "string",
          "string"
        ]
      ]
    },
    "lb_dns_name": {
      "value": "wordpress-alb-1801213378.eu-west-1.elb.amazonaws.com",
      "type": "string"
    },
    "private_key": {
      "value": "-----BEGIN RSA PRIVATE KEY-----\nMIIEpAIBAAKCAQEAqJ6WU0yqyaa77D2f/Av9gjOdi0pmjw9CITHSvIyOta4Sserf\nQ3TPVxFdrTMjrcHdhhdvhnIWAgjCaNhgdYLN3K15lxllOsygcWqIqcocwZrKKCx1\ngeiHu8+9LzmFvnUsg5DIjQqzLS8nAxfajYzHTKaW08tfQ47+kNj7wn7mze4VuHF2\nRVQ37RzcBVbfIfuSxHdEOCsW/dN8hENLYbUIqcvDf7uwGfrs5D4wzMk241lGmUd7\n6O82qbu7vnIAjtmx+tbMMhKTl2aG33lpVR0bqxkvd/hrbWEavGcsMWkv1oz1wEBh\nnBZob2g9zixgH+O+utYUmupr6cCjblrqEtBWOQIDAQABAoIBAFQdkJYLV+NyZqqp\n70Y34QXzo7LZsaHKFc4jYaInaAWfybmxliC7g7dGdXmyWikS3eRHip4CCZKINhtB\nXZUhZHqim1ZSF9qmO594aqZwqbm28wPpcdEVY6jAL/r/8gUZxNP5BOK/JLT0obx8\nSM12HfHR5MnQ2TwFeF5fr+/NiGvPeq1ezy4DBr3sTXgFkP+9srfW0ZuSvMTxyfV4\n5T/bTRwLc3H/OamLbLqECBZN1O3W5OLJ3kl9uqTAfr2zkqPteh69O//3Blp/52j8\n/hezJUAP9viiu8++VvtPPOrymyluKa18mq13R+AZ11fQCS0MvwkXpH0p1Pfbr8tF\nd2yFqXUCgYEA29e5pBnpYl+lkhkFCeWfWYxQnxBzmd4tQQqJcF95ofHZZLc89Djc\nucWg0PZh6uaVMkp8r4OSKMKTsJsHF/E2+kakwMLhXIDchFw1XjLI9cTZfg+PDdMi\nLXEsYE/JNm8oOArzI8Ki9wY1CRDB/LETtAB4QwbGeZVA4qrowh2tqAMCgYEAxFoo\nAM0ZKC/8bSZPvfgc1ymfDtDX5W1mrG1i6p/gq5+hACAivqk1RBatM+f9w6+PMd6/\no7TNkY9WT0LwwFsLdvvXUMtvNsdPEiimJHPHZYcdhVFgdX1JqCFn2dNsmxYObuvW\nogYBogruiZ3XISvQ8RWp9QdMx/5P8XIN8dl0ShMCgYEAu7QRGP/WuNuZbohWOQEJ\ncVfQbj+JtFJyqRnqBzw9ifwI9WlObecu7p7ClCgJqpp9wJbApsrbvFmF6EA1akfV\n/RLcEIlUCbssjQZ9upP56X3NhUibh95BTDNZBFKbJhL6b/9JYbsJkYiHN9pLBwna\nHNJZ3ECorZ6169KpMTRN1SkCgYAZuua7FCVTytX9R6PzdOvylhWtz1g7TFbECaGI\ntWKvmr9yUMO80FeWkJIp1yC93+eX1WSvgyXdCTd6M39w9X1PHjlc8Qul1gBalNEQ\nvctHVqlbqwpE2yIn0hjVxorY188UYftCSB82qNARYImsYx2COiCHZ2l8W6sGLLf/\nFUvT2QKBgQCUhirxYCDAvWCp0T+RGduJdjohzFmT4cKX1mgtrRiQYKq1zT9IVWDu\nedz0yARN4i1Mya3iEyn2Dw5XtFPPnhH+PhBEWcmHaqfdXUOm/W9GYBlK0olmw7by\nKN2cXvJw0G+YJtC9yoCuQLFmblWfKmMz+yIr194va0FMO/IIeHBO/w==\n-----END RSA PRIVATE KEY-----\n",
      "type": "string",
      "sensitive": true
    }
  },
  "resources": [
    {
      "mode": "data",
      "type": "aws_subnet_ids",
      "name": "all",
      "provider": "provider[\"registry.terraform.io/hashicorp/aws\"]",
      "instances": [
        {
          "schema_version": 0,
          "attributes": {
            "filter": null,
            "id": "vpc-004c78650c1507339",
            "ids": [
              "subnet-0073bfc437d8159f6",
              "subnet-02b442681d7963b0d",
              "subnet-06c11a4fe4041f6ae",
              "subnet-08dca4f48174a794b",
              "subnet-0c6380f7c90068524",
              "subnet-0f71714c09ba57c0f"
            ],
            "tags": null,
            "vpc_id": "vpc-004c78650c1507339"
          },
          "sensitive_attributes": []
        }
      ]
    },
    {
      "mode": "data",
      "type": "template_cloudinit_config",
      "name": "user_data_wp",
      "provider": "provider[\"registry.terraform.io/hashicorp/template\"]",
      "instances": [
        {
          "index_key": 0,
          "schema_version": 0,
          "attributes": {
            "base64_encode": true,
            "gzip": false,
            "id": "2918535761",
            "part": [
              {
                "content": "#!/bin/bash\nhostnamectl set-hostname \"wordpress-01\"\nhostname\nsudo amazon-linux-extras install -y php7.2\nsudo yum install -y httpd mysql\nsudo systemctl start httpd\nsudo systemctl enable httpd\nsudo usermod -a -G apache ec2-user\nsudo chown -R ec2-user:apache /var/www\nsudo chmod 2775 /var/www \u0026\u0026 find /var/www -type d -exec sudo chmod 2775 {} \\;\ncurl -O https://raw.githubusercontent.com/wp-cli/builds/gh-pages/phar/wp-cli.phar\nchmod +x wp-cli.phar\nsudo mv wp-cli.phar /usr/local/bin/wp\ncd /var/www/html\nwp core download\ncp -p wp-config-sample.php wp-config.php\nsed -i 's/database_name_here/WPDB/' wp-config.php\nsed -i 's/username_here/wpadmin/' wp-config.php\nsed -i 's/password_here/LbJz4SVQL7oM/' wp-config.php\nsed -i 's/localhost/wordpress-db.chnmb9ogvdrj.eu-west-1.rds.amazonaws.com/' wp-config.php\nsed -i '/put your unique phrase here/d' wp-config.php\ncurl https://api.wordpress.org/secret-key/1.1/salt/ \u003e\u003e wp-config.php \nsudo chown -R ec2-user:apache /var/www\n\nif [[ `hostname` == \"wordpress-01\" ]]; then\n  echo I am number 01\n  echo GET PUBLIC IP OR FQDN\n  cd /tmp\n  curl -LJ https://github.com/piroff/wordpress/tarball/main -o wordpress.tar.gz\n  tar xzf wordpress.tar.gz\n  find . -name blogpost_body.txt -exec mv {} ./ \\;\n  find . -name cron.sh -exec mv {} ./ \\;\n  chown ec2-user:ec2-user blogpost_body.txt cron.sh\n  chmod +x cron.sh\n  sed -i 's/DB_USER/wpadmin/' cron.sh\n  sed -i 's/DB_PASS/LbJz4SVQL7oM/' cron.sh\n  sed -i 's/DB_NAME/WPDB/' cron.sh\n  sed -i 's/DB_ADDR/wordpress-db.chnmb9ogvdrj.eu-west-1.rds.amazonaws.com/' cron.sh\n  mv cron.sh /home/ec2-user/\n  cd /var/www/html\n  wp core install --url=\"wordpress-alb-1801213378.eu-west-1.elb.amazonaws.com\" --title=\"Dext\" --admin_user=\"wpadmin\" --admin_password=\"LbJz4SVQL7oM\" --admin_email=\"my@ma.il\"\n  wp post delete $(wp post list --post_status=publish --format=ids)\n  wp post delete $(wp post list --post_status=trash --format=ids)\n  wp post create /tmp/blogpost_body.txt --post_title='Linux namespaces' --post_status='publish'\n  echo \"0 3 * * 0 /home/ec2-user/cron.sh \u003e /dev/null 2\u003e\u00261\" | tee /var/spool/cron/ec2-user\nfi\n",
                "content_type": "text/x-shellscript",
                "filename": "",
                "merge_type": ""
              }
            ],
            "rendered": "Q29udGVudC1UeXBlOiBtdWx0aXBhcnQvbWl4ZWQ7IGJvdW5kYXJ5PSJNSU1FQk9VTkRBUlkiCk1JTUUtVmVyc2lvbjogMS4wDQoNCi0tTUlNRUJPVU5EQVJZDQpDb250ZW50LVRyYW5zZmVyLUVuY29kaW5nOiA3Yml0DQpDb250ZW50LVR5cGU6IHRleHQveC1zaGVsbHNjcmlwdA0KTWltZS1WZXJzaW9uOiAxLjANCg0KIyEvYmluL2Jhc2gKaG9zdG5hbWVjdGwgc2V0LWhvc3RuYW1lICJ3b3JkcHJlc3MtMDEiCmhvc3RuYW1lCnN1ZG8gYW1hem9uLWxpbnV4LWV4dHJhcyBpbnN0YWxsIC15IHBocDcuMgpzdWRvIHl1bSBpbnN0YWxsIC15IGh0dHBkIG15c3FsCnN1ZG8gc3lzdGVtY3RsIHN0YXJ0IGh0dHBkCnN1ZG8gc3lzdGVtY3RsIGVuYWJsZSBodHRwZApzdWRvIHVzZXJtb2QgLWEgLUcgYXBhY2hlIGVjMi11c2VyCnN1ZG8gY2hvd24gLVIgZWMyLXVzZXI6YXBhY2hlIC92YXIvd3d3CnN1ZG8gY2htb2QgMjc3NSAvdmFyL3d3dyAmJiBmaW5kIC92YXIvd3d3IC10eXBlIGQgLWV4ZWMgc3VkbyBjaG1vZCAyNzc1IHt9IFw7CmN1cmwgLU8gaHR0cHM6Ly9yYXcuZ2l0aHVidXNlcmNvbnRlbnQuY29tL3dwLWNsaS9idWlsZHMvZ2gtcGFnZXMvcGhhci93cC1jbGkucGhhcgpjaG1vZCAreCB3cC1jbGkucGhhcgpzdWRvIG12IHdwLWNsaS5waGFyIC91c3IvbG9jYWwvYmluL3dwCmNkIC92YXIvd3d3L2h0bWwKd3AgY29yZSBkb3dubG9hZApjcCAtcCB3cC1jb25maWctc2FtcGxlLnBocCB3cC1jb25maWcucGhwCnNlZCAtaSAncy9kYXRhYmFzZV9uYW1lX2hlcmUvV1BEQi8nIHdwLWNvbmZpZy5waHAKc2VkIC1pICdzL3VzZXJuYW1lX2hlcmUvd3BhZG1pbi8nIHdwLWNvbmZpZy5waHAKc2VkIC1pICdzL3Bhc3N3b3JkX2hlcmUvTGJKejRTVlFMN29NLycgd3AtY29uZmlnLnBocApzZWQgLWkgJ3MvbG9jYWxob3N0L3dvcmRwcmVzcy1kYi5jaG5tYjlvZ3ZkcmouZXUtd2VzdC0xLnJkcy5hbWF6b25hd3MuY29tLycgd3AtY29uZmlnLnBocApzZWQgLWkgJy9wdXQgeW91ciB1bmlxdWUgcGhyYXNlIGhlcmUvZCcgd3AtY29uZmlnLnBocApjdXJsIGh0dHBzOi8vYXBpLndvcmRwcmVzcy5vcmcvc2VjcmV0LWtleS8xLjEvc2FsdC8gPj4gd3AtY29uZmlnLnBocCAKc3VkbyBjaG93biAtUiBlYzItdXNlcjphcGFjaGUgL3Zhci93d3cKCmlmIFtbIGBob3N0bmFtZWAgPT0gIndvcmRwcmVzcy0wMSIgXV07IHRoZW4KICBlY2hvIEkgYW0gbnVtYmVyIDAxCiAgZWNobyBHRVQgUFVCTElDIElQIE9SIEZRRE4KICBjZCAvdG1wCiAgY3VybCAtTEogaHR0cHM6Ly9naXRodWIuY29tL3Bpcm9mZi93b3JkcHJlc3MvdGFyYmFsbC9tYWluIC1vIHdvcmRwcmVzcy50YXIuZ3oKICB0YXIgeHpmIHdvcmRwcmVzcy50YXIuZ3oKICBmaW5kIC4gLW5hbWUgYmxvZ3Bvc3RfYm9keS50eHQgLWV4ZWMgbXYge30gLi8gXDsKICBmaW5kIC4gLW5hbWUgY3Jvbi5zaCAtZXhlYyBtdiB7fSAuLyBcOwogIGNob3duIGVjMi11c2VyOmVjMi11c2VyIGJsb2dwb3N0X2JvZHkudHh0IGNyb24uc2gKICBjaG1vZCAreCBjcm9uLnNoCiAgc2VkIC1pICdzL0RCX1VTRVIvd3BhZG1pbi8nIGNyb24uc2gKICBzZWQgLWkgJ3MvREJfUEFTUy9MYkp6NFNWUUw3b00vJyBjcm9uLnNoCiAgc2VkIC1pICdzL0RCX05BTUUvV1BEQi8nIGNyb24uc2gKICBzZWQgLWkgJ3MvREJfQUREUi93b3JkcHJlc3MtZGIuY2hubWI5b2d2ZHJqLmV1LXdlc3QtMS5yZHMuYW1hem9uYXdzLmNvbS8nIGNyb24uc2gKICBtdiBjcm9uLnNoIC9ob21lL2VjMi11c2VyLwogIGNkIC92YXIvd3d3L2h0bWwKICB3cCBjb3JlIGluc3RhbGwgLS11cmw9IndvcmRwcmVzcy1hbGItMTgwMTIxMzM3OC5ldS13ZXN0LTEuZWxiLmFtYXpvbmF3cy5jb20iIC0tdGl0bGU9IkRleHQiIC0tYWRtaW5fdXNlcj0id3BhZG1pbiIgLS1hZG1pbl9wYXNzd29yZD0iTGJKejRTVlFMN29NIiAtLWFkbWluX2VtYWlsPSJteUBtYS5pbCIKICB3cCBwb3N0IGRlbGV0ZSAkKHdwIHBvc3QgbGlzdCAtLXBvc3Rfc3RhdHVzPXB1Ymxpc2ggLS1mb3JtYXQ9aWRzKQogIHdwIHBvc3QgZGVsZXRlICQod3AgcG9zdCBsaXN0IC0tcG9zdF9zdGF0dXM9dHJhc2ggLS1mb3JtYXQ9aWRzKQogIHdwIHBvc3QgY3JlYXRlIC90bXAvYmxvZ3Bvc3RfYm9keS50eHQgLS1wb3N0X3RpdGxlPSdMaW51eCBuYW1lc3BhY2VzJyAtLXBvc3Rfc3RhdHVzPSdwdWJsaXNoJwogIGVjaG8gIjAgMyAqICogMCAvaG9tZS9lYzItdXNlci9jcm9uLnNoID4gL2Rldi9udWxsIDI+JjEiIHwgdGVlIC92YXIvc3Bvb2wvY3Jvbi9lYzItdXNlcgpmaQoNCi0tTUlNRUJPVU5EQVJZLS0NCg=="
          },
          "sensitive_attributes": [
            [
              {
                "type": "get_attr",
                "value": "part"
              },
              {
                "type": "index",
                "value": {
                  "value": 0,
                  "type": "number"
                }
              },
              {
                "type": "get_attr",
                "value": "content"
              }
            ]
          ]
        },
        {
          "index_key": 1,
          "schema_version": 0,
          "attributes": {
            "base64_encode": true,
            "gzip": false,
            "id": "2688962579",
            "part": [
              {
                "content": "#!/bin/bash\nhostnamectl set-hostname \"wordpress-02\"\nhostname\nsudo amazon-linux-extras install -y php7.2\nsudo yum install -y httpd mysql\nsudo systemctl start httpd\nsudo systemctl enable httpd\nsudo usermod -a -G apache ec2-user\nsudo chown -R ec2-user:apache /var/www\nsudo chmod 2775 /var/www \u0026\u0026 find /var/www -type d -exec sudo chmod 2775 {} \\;\ncurl -O https://raw.githubusercontent.com/wp-cli/builds/gh-pages/phar/wp-cli.phar\nchmod +x wp-cli.phar\nsudo mv wp-cli.phar /usr/local/bin/wp\ncd /var/www/html\nwp core download\ncp -p wp-config-sample.php wp-config.php\nsed -i 's/database_name_here/WPDB/' wp-config.php\nsed -i 's/username_here/wpadmin/' wp-config.php\nsed -i 's/password_here/LbJz4SVQL7oM/' wp-config.php\nsed -i 's/localhost/wordpress-db.chnmb9ogvdrj.eu-west-1.rds.amazonaws.com/' wp-config.php\nsed -i '/put your unique phrase here/d' wp-config.php\ncurl https://api.wordpress.org/secret-key/1.1/salt/ \u003e\u003e wp-config.php \nsudo chown -R ec2-user:apache /var/www\n\nif [[ `hostname` == \"wordpress-01\" ]]; then\n  echo I am number 01\n  echo GET PUBLIC IP OR FQDN\n  cd /tmp\n  curl -LJ https://github.com/piroff/wordpress/tarball/main -o wordpress.tar.gz\n  tar xzf wordpress.tar.gz\n  find . -name blogpost_body.txt -exec mv {} ./ \\;\n  find . -name cron.sh -exec mv {} ./ \\;\n  chown ec2-user:ec2-user blogpost_body.txt cron.sh\n  chmod +x cron.sh\n  sed -i 's/DB_USER/wpadmin/' cron.sh\n  sed -i 's/DB_PASS/LbJz4SVQL7oM/' cron.sh\n  sed -i 's/DB_NAME/WPDB/' cron.sh\n  sed -i 's/DB_ADDR/wordpress-db.chnmb9ogvdrj.eu-west-1.rds.amazonaws.com/' cron.sh\n  mv cron.sh /home/ec2-user/\n  cd /var/www/html\n  wp core install --url=\"wordpress-alb-1801213378.eu-west-1.elb.amazonaws.com\" --title=\"Dext\" --admin_user=\"wpadmin\" --admin_password=\"LbJz4SVQL7oM\" --admin_email=\"my@ma.il\"\n  wp post delete $(wp post list --post_status=publish --format=ids)\n  wp post delete $(wp post list --post_status=trash --format=ids)\n  wp post create /tmp/blogpost_body.txt --post_title='Linux namespaces' --post_status='publish'\n  echo \"0 3 * * 0 /home/ec2-user/cron.sh \u003e /dev/null 2\u003e\u00261\" | tee /var/spool/cron/ec2-user\nfi\n",
                "content_type": "text/x-shellscript",
                "filename": "",
                "merge_type": ""
              }
            ],
            "rendered": "Q29udGVudC1UeXBlOiBtdWx0aXBhcnQvbWl4ZWQ7IGJvdW5kYXJ5PSJNSU1FQk9VTkRBUlkiCk1JTUUtVmVyc2lvbjogMS4wDQoNCi0tTUlNRUJPVU5EQVJZDQpDb250ZW50LVRyYW5zZmVyLUVuY29kaW5nOiA3Yml0DQpDb250ZW50LVR5cGU6IHRleHQveC1zaGVsbHNjcmlwdA0KTWltZS1WZXJzaW9uOiAxLjANCg0KIyEvYmluL2Jhc2gKaG9zdG5hbWVjdGwgc2V0LWhvc3RuYW1lICJ3b3JkcHJlc3MtMDIiCmhvc3RuYW1lCnN1ZG8gYW1hem9uLWxpbnV4LWV4dHJhcyBpbnN0YWxsIC15IHBocDcuMgpzdWRvIHl1bSBpbnN0YWxsIC15IGh0dHBkIG15c3FsCnN1ZG8gc3lzdGVtY3RsIHN0YXJ0IGh0dHBkCnN1ZG8gc3lzdGVtY3RsIGVuYWJsZSBodHRwZApzdWRvIHVzZXJtb2QgLWEgLUcgYXBhY2hlIGVjMi11c2VyCnN1ZG8gY2hvd24gLVIgZWMyLXVzZXI6YXBhY2hlIC92YXIvd3d3CnN1ZG8gY2htb2QgMjc3NSAvdmFyL3d3dyAmJiBmaW5kIC92YXIvd3d3IC10eXBlIGQgLWV4ZWMgc3VkbyBjaG1vZCAyNzc1IHt9IFw7CmN1cmwgLU8gaHR0cHM6Ly9yYXcuZ2l0aHVidXNlcmNvbnRlbnQuY29tL3dwLWNsaS9idWlsZHMvZ2gtcGFnZXMvcGhhci93cC1jbGkucGhhcgpjaG1vZCAreCB3cC1jbGkucGhhcgpzdWRvIG12IHdwLWNsaS5waGFyIC91c3IvbG9jYWwvYmluL3dwCmNkIC92YXIvd3d3L2h0bWwKd3AgY29yZSBkb3dubG9hZApjcCAtcCB3cC1jb25maWctc2FtcGxlLnBocCB3cC1jb25maWcucGhwCnNlZCAtaSAncy9kYXRhYmFzZV9uYW1lX2hlcmUvV1BEQi8nIHdwLWNvbmZpZy5waHAKc2VkIC1pICdzL3VzZXJuYW1lX2hlcmUvd3BhZG1pbi8nIHdwLWNvbmZpZy5waHAKc2VkIC1pICdzL3Bhc3N3b3JkX2hlcmUvTGJKejRTVlFMN29NLycgd3AtY29uZmlnLnBocApzZWQgLWkgJ3MvbG9jYWxob3N0L3dvcmRwcmVzcy1kYi5jaG5tYjlvZ3ZkcmouZXUtd2VzdC0xLnJkcy5hbWF6b25hd3MuY29tLycgd3AtY29uZmlnLnBocApzZWQgLWkgJy9wdXQgeW91ciB1bmlxdWUgcGhyYXNlIGhlcmUvZCcgd3AtY29uZmlnLnBocApjdXJsIGh0dHBzOi8vYXBpLndvcmRwcmVzcy5vcmcvc2VjcmV0LWtleS8xLjEvc2FsdC8gPj4gd3AtY29uZmlnLnBocCAKc3VkbyBjaG93biAtUiBlYzItdXNlcjphcGFjaGUgL3Zhci93d3cKCmlmIFtbIGBob3N0bmFtZWAgPT0gIndvcmRwcmVzcy0wMSIgXV07IHRoZW4KICBlY2hvIEkgYW0gbnVtYmVyIDAxCiAgZWNobyBHRVQgUFVCTElDIElQIE9SIEZRRE4KICBjZCAvdG1wCiAgY3VybCAtTEogaHR0cHM6Ly9naXRodWIuY29tL3Bpcm9mZi93b3JkcHJlc3MvdGFyYmFsbC9tYWluIC1vIHdvcmRwcmVzcy50YXIuZ3oKICB0YXIgeHpmIHdvcmRwcmVzcy50YXIuZ3oKICBmaW5kIC4gLW5hbWUgYmxvZ3Bvc3RfYm9keS50eHQgLWV4ZWMgbXYge30gLi8gXDsKICBmaW5kIC4gLW5hbWUgY3Jvbi5zaCAtZXhlYyBtdiB7fSAuLyBcOwogIGNob3duIGVjMi11c2VyOmVjMi11c2VyIGJsb2dwb3N0X2JvZHkudHh0IGNyb24uc2gKICBjaG1vZCAreCBjcm9uLnNoCiAgc2VkIC1pICdzL0RCX1VTRVIvd3BhZG1pbi8nIGNyb24uc2gKICBzZWQgLWkgJ3MvREJfUEFTUy9MYkp6NFNWUUw3b00vJyBjcm9uLnNoCiAgc2VkIC1pICdzL0RCX05BTUUvV1BEQi8nIGNyb24uc2gKICBzZWQgLWkgJ3MvREJfQUREUi93b3JkcHJlc3MtZGIuY2hubWI5b2d2ZHJqLmV1LXdlc3QtMS5yZHMuYW1hem9uYXdzLmNvbS8nIGNyb24uc2gKICBtdiBjcm9uLnNoIC9ob21lL2VjMi11c2VyLwogIGNkIC92YXIvd3d3L2h0bWwKICB3cCBjb3JlIGluc3RhbGwgLS11cmw9IndvcmRwcmVzcy1hbGItMTgwMTIxMzM3OC5ldS13ZXN0LTEuZWxiLmFtYXpvbmF3cy5jb20iIC0tdGl0bGU9IkRleHQiIC0tYWRtaW5fdXNlcj0id3BhZG1pbiIgLS1hZG1pbl9wYXNzd29yZD0iTGJKejRTVlFMN29NIiAtLWFkbWluX2VtYWlsPSJteUBtYS5pbCIKICB3cCBwb3N0IGRlbGV0ZSAkKHdwIHBvc3QgbGlzdCAtLXBvc3Rfc3RhdHVzPXB1Ymxpc2ggLS1mb3JtYXQ9aWRzKQogIHdwIHBvc3QgZGVsZXRlICQod3AgcG9zdCBsaXN0IC0tcG9zdF9zdGF0dXM9dHJhc2ggLS1mb3JtYXQ9aWRzKQogIHdwIHBvc3QgY3JlYXRlIC90bXAvYmxvZ3Bvc3RfYm9keS50eHQgLS1wb3N0X3RpdGxlPSdMaW51eCBuYW1lc3BhY2VzJyAtLXBvc3Rfc3RhdHVzPSdwdWJsaXNoJwogIGVjaG8gIjAgMyAqICogMCAvaG9tZS9lYzItdXNlci9jcm9uLnNoID4gL2Rldi9udWxsIDI+JjEiIHwgdGVlIC92YXIvc3Bvb2wvY3Jvbi9lYzItdXNlcgpmaQoNCi0tTUlNRUJPVU5EQVJZLS0NCg=="
          },
          "sensitive_attributes": [
            [
              {
                "type": "get_attr",
                "value": "part"
              },
              {
                "type": "index",
                "value": {
                  "value": 0,
                  "type": "number"
                }
              },
              {
                "type": "get_attr",
                "value": "content"
              }
            ]
          ]
        }
      ]
    },
    {
      "mode": "managed",
      "type": "aws_key_pair",
      "name": "ssh_pulic_key",
      "provider": "provider[\"registry.terraform.io/hashicorp/aws\"]",
      "instances": [
        {
          "schema_version": 1,
          "attributes": {
            "arn": "arn:aws:ec2:eu-west-1:847313801937:key-pair/public.key",
            "fingerprint": "6d:af:28:df:8b:24:74:09:a7:cb:f5:48:b4:41:b3:83",
            "id": "public.key",
            "key_name": "public.key",
            "key_name_prefix": "",
            "key_pair_id": "key-02e56a45ace8d4830",
            "public_key": "ssh-rsa AAAAB3NzaC1yc2EAAAADAQABAAABAQConpZTTKrJprvsPZ/8C/2CM52LSmaPD0IhMdK8jI61rhKx6t9DdM9XEV2tMyOtwd2GF2+GchYCCMJo2GB1gs3crXmXGWU6zKBxaoipyhzBmsooLHWB6Ie7z70vOYW+dSyDkMiNCrMtLycDF9qNjMdMppbTy19Djv6Q2PvCfubN7hW4cXZFVDftHNwFVt8h+5LEd0Q4Kxb903yEQ0thtQipy8N/u7AZ+uzkPjDMyTbjWUaZR3vo7zapu7u+cgCO2bH61swyEpOXZobfeWlVHRurGS93+GttYRq8ZywxaS/WjPXAQGGcFmhvaD3OLGAf47661hSa6mvpwKNuWuoS0FY5",
            "tags": null,
            "tags_all": {}
          },
          "sensitive_attributes": [],
          "private": "eyJzY2hlbWFfdmVyc2lvbiI6IjEifQ==",
          "dependencies": [
            "tls_private_key.ssh"
          ]
        }
      ]
    },
    {
      "mode": "managed",
      "type": "local_file",
      "name": "ssh_private_key",
      "provider": "provider[\"registry.terraform.io/hashicorp/local\"]",
      "instances": [
        {
          "schema_version": 0,
          "attributes": {
            "content": null,
            "content_base64": null,
            "directory_permission": "0777",
            "file_permission": "0400",
            "filename": "credentials/private_key.pem",
            "id": "ecd7a6d77c9ddb5f88e1689bffb8df40fad752df",
            "sensitive_content": "-----BEGIN RSA PRIVATE KEY-----\nMIIEpAIBAAKCAQEAqJ6WU0yqyaa77D2f/Av9gjOdi0pmjw9CITHSvIyOta4Sserf\nQ3TPVxFdrTMjrcHdhhdvhnIWAgjCaNhgdYLN3K15lxllOsygcWqIqcocwZrKKCx1\ngeiHu8+9LzmFvnUsg5DIjQqzLS8nAxfajYzHTKaW08tfQ47+kNj7wn7mze4VuHF2\nRVQ37RzcBVbfIfuSxHdEOCsW/dN8hENLYbUIqcvDf7uwGfrs5D4wzMk241lGmUd7\n6O82qbu7vnIAjtmx+tbMMhKTl2aG33lpVR0bqxkvd/hrbWEavGcsMWkv1oz1wEBh\nnBZob2g9zixgH+O+utYUmupr6cCjblrqEtBWOQIDAQABAoIBAFQdkJYLV+NyZqqp\n70Y34QXzo7LZsaHKFc4jYaInaAWfybmxliC7g7dGdXmyWikS3eRHip4CCZKINhtB\nXZUhZHqim1ZSF9qmO594aqZwqbm28wPpcdEVY6jAL/r/8gUZxNP5BOK/JLT0obx8\nSM12HfHR5MnQ2TwFeF5fr+/NiGvPeq1ezy4DBr3sTXgFkP+9srfW0ZuSvMTxyfV4\n5T/bTRwLc3H/OamLbLqECBZN1O3W5OLJ3kl9uqTAfr2zkqPteh69O//3Blp/52j8\n/hezJUAP9viiu8++VvtPPOrymyluKa18mq13R+AZ11fQCS0MvwkXpH0p1Pfbr8tF\nd2yFqXUCgYEA29e5pBnpYl+lkhkFCeWfWYxQnxBzmd4tQQqJcF95ofHZZLc89Djc\nucWg0PZh6uaVMkp8r4OSKMKTsJsHF/E2+kakwMLhXIDchFw1XjLI9cTZfg+PDdMi\nLXEsYE/JNm8oOArzI8Ki9wY1CRDB/LETtAB4QwbGeZVA4qrowh2tqAMCgYEAxFoo\nAM0ZKC/8bSZPvfgc1ymfDtDX5W1mrG1i6p/gq5+hACAivqk1RBatM+f9w6+PMd6/\no7TNkY9WT0LwwFsLdvvXUMtvNsdPEiimJHPHZYcdhVFgdX1JqCFn2dNsmxYObuvW\nogYBogruiZ3XISvQ8RWp9QdMx/5P8XIN8dl0ShMCgYEAu7QRGP/WuNuZbohWOQEJ\ncVfQbj+JtFJyqRnqBzw9ifwI9WlObecu7p7ClCgJqpp9wJbApsrbvFmF6EA1akfV\n/RLcEIlUCbssjQZ9upP56X3NhUibh95BTDNZBFKbJhL6b/9JYbsJkYiHN9pLBwna\nHNJZ3ECorZ6169KpMTRN1SkCgYAZuua7FCVTytX9R6PzdOvylhWtz1g7TFbECaGI\ntWKvmr9yUMO80FeWkJIp1yC93+eX1WSvgyXdCTd6M39w9X1PHjlc8Qul1gBalNEQ\nvctHVqlbqwpE2yIn0hjVxorY188UYftCSB82qNARYImsYx2COiCHZ2l8W6sGLLf/\nFUvT2QKBgQCUhirxYCDAvWCp0T+RGduJdjohzFmT4cKX1mgtrRiQYKq1zT9IVWDu\nedz0yARN4i1Mya3iEyn2Dw5XtFPPnhH+PhBEWcmHaqfdXUOm/W9GYBlK0olmw7by\nKN2cXvJw0G+YJtC9yoCuQLFmblWfKmMz+yIr194va0FMO/IIeHBO/w==\n-----END RSA PRIVATE KEY-----\n",
            "source": null
          },
          "sensitive_attributes": [
            [
              {
                "type": "get_attr",
                "value": "sensitive_content"
              }
            ]
          ],
          "private": "bnVsbA==",
          "dependencies": [
            "tls_private_key.ssh"
          ]
        }
      ]
    },
    {
      "mode": "managed",
      "type": "tls_private_key",
      "name": "ssh",
      "provider": "provider[\"registry.terraform.io/hashicorp/tls\"]",
      "instances": [
        {
          "schema_version": 0,
          "attributes": {
            "algorithm": "RSA",
            "ecdsa_curve": "2048",
            "id": "09bd04e7dbb750e37643d9f3ed8ef9738599c3e7",
            "private_key_pem": "-----BEGIN RSA PRIVATE KEY-----\nMIIEpAIBAAKCAQEAqJ6WU0yqyaa77D2f/Av9gjOdi0pmjw9CITHSvIyOta4Sserf\nQ3TPVxFdrTMjrcHdhhdvhnIWAgjCaNhgdYLN3K15lxllOsygcWqIqcocwZrKKCx1\ngeiHu8+9LzmFvnUsg5DIjQqzLS8nAxfajYzHTKaW08tfQ47+kNj7wn7mze4VuHF2\nRVQ37RzcBVbfIfuSxHdEOCsW/dN8hENLYbUIqcvDf7uwGfrs5D4wzMk241lGmUd7\n6O82qbu7vnIAjtmx+tbMMhKTl2aG33lpVR0bqxkvd/hrbWEavGcsMWkv1oz1wEBh\nnBZob2g9zixgH+O+utYUmupr6cCjblrqEtBWOQIDAQABAoIBAFQdkJYLV+NyZqqp\n70Y34QXzo7LZsaHKFc4jYaInaAWfybmxliC7g7dGdXmyWikS3eRHip4CCZKINhtB\nXZUhZHqim1ZSF9qmO594aqZwqbm28wPpcdEVY6jAL/r/8gUZxNP5BOK/JLT0obx8\nSM12HfHR5MnQ2TwFeF5fr+/NiGvPeq1ezy4DBr3sTXgFkP+9srfW0ZuSvMTxyfV4\n5T/bTRwLc3H/OamLbLqECBZN1O3W5OLJ3kl9uqTAfr2zkqPteh69O//3Blp/52j8\n/hezJUAP9viiu8++VvtPPOrymyluKa18mq13R+AZ11fQCS0MvwkXpH0p1Pfbr8tF\nd2yFqXUCgYEA29e5pBnpYl+lkhkFCeWfWYxQnxBzmd4tQQqJcF95ofHZZLc89Djc\nucWg0PZh6uaVMkp8r4OSKMKTsJsHF/E2+kakwMLhXIDchFw1XjLI9cTZfg+PDdMi\nLXEsYE/JNm8oOArzI8Ki9wY1CRDB/LETtAB4QwbGeZVA4qrowh2tqAMCgYEAxFoo\nAM0ZKC/8bSZPvfgc1ymfDtDX5W1mrG1i6p/gq5+hACAivqk1RBatM+f9w6+PMd6/\no7TNkY9WT0LwwFsLdvvXUMtvNsdPEiimJHPHZYcdhVFgdX1JqCFn2dNsmxYObuvW\nogYBogruiZ3XISvQ8RWp9QdMx/5P8XIN8dl0ShMCgYEAu7QRGP/WuNuZbohWOQEJ\ncVfQbj+JtFJyqRnqBzw9ifwI9WlObecu7p7ClCgJqpp9wJbApsrbvFmF6EA1akfV\n/RLcEIlUCbssjQZ9upP56X3NhUibh95BTDNZBFKbJhL6b/9JYbsJkYiHN9pLBwna\nHNJZ3ECorZ6169KpMTRN1SkCgYAZuua7FCVTytX9R6PzdOvylhWtz1g7TFbECaGI\ntWKvmr9yUMO80FeWkJIp1yC93+eX1WSvgyXdCTd6M39w9X1PHjlc8Qul1gBalNEQ\nvctHVqlbqwpE2yIn0hjVxorY188UYftCSB82qNARYImsYx2COiCHZ2l8W6sGLLf/\nFUvT2QKBgQCUhirxYCDAvWCp0T+RGduJdjohzFmT4cKX1mgtrRiQYKq1zT9IVWDu\nedz0yARN4i1Mya3iEyn2Dw5XtFPPnhH+PhBEWcmHaqfdXUOm/W9GYBlK0olmw7by\nKN2cXvJw0G+YJtC9yoCuQLFmblWfKmMz+yIr194va0FMO/IIeHBO/w==\n-----END RSA PRIVATE KEY-----\n",
            "public_key_fingerprint_md5": "d3:65:f7:8d:2b:06:30:7d:88:e9:26:bc:a4:e3:81:69",
            "public_key_openssh": "ssh-rsa AAAAB3NzaC1yc2EAAAADAQABAAABAQConpZTTKrJprvsPZ/8C/2CM52LSmaPD0IhMdK8jI61rhKx6t9DdM9XEV2tMyOtwd2GF2+GchYCCMJo2GB1gs3crXmXGWU6zKBxaoipyhzBmsooLHWB6Ie7z70vOYW+dSyDkMiNCrMtLycDF9qNjMdMppbTy19Djv6Q2PvCfubN7hW4cXZFVDftHNwFVt8h+5LEd0Q4Kxb903yEQ0thtQipy8N/u7AZ+uzkPjDMyTbjWUaZR3vo7zapu7u+cgCO2bH61swyEpOXZobfeWlVHRurGS93+GttYRq8ZywxaS/WjPXAQGGcFmhvaD3OLGAf47661hSa6mvpwKNuWuoS0FY5\n",
            "public_key_pem": "-----BEGIN PUBLIC KEY-----\nMIIBIjANBgkqhkiG9w0BAQEFAAOCAQ8AMIIBCgKCAQEAqJ6WU0yqyaa77D2f/Av9\ngjOdi0pmjw9CITHSvIyOta4SserfQ3TPVxFdrTMjrcHdhhdvhnIWAgjCaNhgdYLN\n3K15lxllOsygcWqIqcocwZrKKCx1geiHu8+9LzmFvnUsg5DIjQqzLS8nAxfajYzH\nTKaW08tfQ47+kNj7wn7mze4VuHF2RVQ37RzcBVbfIfuSxHdEOCsW/dN8hENLYbUI\nqcvDf7uwGfrs5D4wzMk241lGmUd76O82qbu7vnIAjtmx+tbMMhKTl2aG33lpVR0b\nqxkvd/hrbWEavGcsMWkv1oz1wEBhnBZob2g9zixgH+O+utYUmupr6cCjblrqEtBW\nOQIDAQAB\n-----END PUBLIC KEY-----\n",
            "rsa_bits": 2048
          },
          "sensitive_attributes": [],
          "private": "bnVsbA=="
        }
      ]
    },
    {
      "module": "module.alb",
      "mode": "managed",
      "type": "aws_lb",
      "name": "this",
      "provider": "provider[\"registry.terraform.io/hashicorp/aws\"]",
      "instances": [
        {
          "index_key": 0,
          "schema_version": 0,
          "attributes": {
            "access_logs": [
              {
                "bucket": "",
                "enabled": false,
                "prefix": ""
              }
            ],
            "arn": "arn:aws:elasticloadbalancing:eu-west-1:847313801937:loadbalancer/app/wordpress-alb/ad423aae7d59ef6a",
            "arn_suffix": "app/wordpress-alb/ad423aae7d59ef6a",
            "customer_owned_ipv4_pool": "",
            "dns_name": "wordpress-alb-1801213378.eu-west-1.elb.amazonaws.com",
            "drop_invalid_header_fields": false,
            "enable_cross_zone_load_balancing": null,
            "enable_deletion_protection": false,
            "enable_http2": true,
            "id": "arn:aws:elasticloadbalancing:eu-west-1:847313801937:loadbalancer/app/wordpress-alb/ad423aae7d59ef6a",
            "idle_timeout": 60,
            "internal": false,
            "ip_address_type": "ipv4",
            "load_balancer_type": "application",
            "name": "wordpress-alb",
            "name_prefix": null,
            "security_groups": [
              "sg-0d7d5680cc4a71f8b"
            ],
            "subnet_mapping": [
              {
                "allocation_id": "",
                "ipv6_address": "",
                "outpost_id": "",
                "private_ipv4_address": "",
                "subnet_id": "subnet-0073bfc437d8159f6"
              },
              {
                "allocation_id": "",
                "ipv6_address": "",
                "outpost_id": "",
                "private_ipv4_address": "",
                "subnet_id": "subnet-0f71714c09ba57c0f"
              }
            ],
            "subnets": [
              "subnet-0073bfc437d8159f6",
              "subnet-0f71714c09ba57c0f"
            ],
            "tags": {
              "Environment": "Wordpress",
              "Name": "wordpress-alb",
              "Owner": "Dext"
            },
            "tags_all": {
              "Environment": "Wordpress",
              "Name": "wordpress-alb",
              "Owner": "Dext"
            },
            "timeouts": {
              "create": "10m",
              "delete": "10m",
              "update": "10m"
            },
            "vpc_id": "vpc-004c78650c1507339",
            "zone_id": "Z32O12XQLNTSW2"
          },
          "sensitive_attributes": [],
          "private": "eyJlMmJmYjczMC1lY2FhLTExZTYtOGY4OC0zNDM2M2JjN2M0YzAiOnsiY3JlYXRlIjo2MDAwMDAwMDAwMDAsImRlbGV0ZSI6NjAwMDAwMDAwMDAwLCJ1cGRhdGUiOjYwMDAwMDAwMDAwMH19",
          "dependencies": [
            "module.security_group.aws_security_group.this",
            "module.security_group.aws_security_group.this_name_prefix",
            "module.vpc.aws_subnet.public",
            "module.vpc.aws_vpc.this",
            "module.vpc.aws_vpc_ipv4_cidr_block_association.this"
          ],
          "create_before_destroy": true
        }
      ]
    },
    {
      "module": "module.alb",
      "mode": "managed",
      "type": "aws_lb_listener",
      "name": "frontend_http_tcp",
      "provider": "provider[\"registry.terraform.io/hashicorp/aws\"]",
      "instances": [
        {
          "index_key": 0,
          "schema_version": 0,
          "attributes": {
            "alpn_policy": null,
            "arn": "arn:aws:elasticloadbalancing:eu-west-1:847313801937:listener/app/wordpress-alb/ad423aae7d59ef6a/b08fdbdff5e12d6b",
            "certificate_arn": null,
            "default_action": [
              {
                "authenticate_cognito": [],
                "authenticate_oidc": [],
                "fixed_response": [],
                "forward": [],
                "order": 1,
                "redirect": [],
                "target_group_arn": "arn:aws:elasticloadbalancing:eu-west-1:847313801937:targetgroup/WP-20211127164159778700000004/dcac8bb529cf1a52",
                "type": "forward"
              }
            ],
            "id": "arn:aws:elasticloadbalancing:eu-west-1:847313801937:listener/app/wordpress-alb/ad423aae7d59ef6a/b08fdbdff5e12d6b",
            "load_balancer_arn": "arn:aws:elasticloadbalancing:eu-west-1:847313801937:loadbalancer/app/wordpress-alb/ad423aae7d59ef6a",
            "port": 80,
            "protocol": "HTTP",
            "ssl_policy": "",
            "tags": {
              "Environment": "Wordpress",
              "Owner": "Dext"
            },
            "tags_all": {
              "Environment": "Wordpress",
              "Owner": "Dext"
            },
            "timeouts": null
          },
          "sensitive_attributes": [],
          "private": "eyJlMmJmYjczMC1lY2FhLTExZTYtOGY4OC0zNDM2M2JjN2M0YzAiOnsicmVhZCI6NjAwMDAwMDAwMDAwfX0=",
          "dependencies": [
            "data.template_cloudinit_config.user_data_wp",
            "module.alb.aws_lb.this",
            "module.alb.aws_lb_target_group.main",
            "module.db_default.module.db_instance.aws_db_instance.this",
            "module.db_default.module.db_instance.aws_db_instance.this_mssql",
            "module.db_default.module.db_instance.aws_iam_role.enhanced_monitoring",
            "module.db_default.module.db_instance.random_id.snapshot_identifier",
            "module.db_default.module.db_option_group.aws_db_option_group.this",
            "module.db_default.module.db_parameter_group.aws_db_parameter_group.this",
            "module.db_default.module.db_subnet_group.aws_db_subnet_group.this",
            "module.db_default.random_password.master_password",
            "module.ec2_complete.aws_instance.this",
            "module.ec2_complete.aws_spot_instance_request.this",
            "module.security_group.aws_security_group.this",
            "module.security_group.aws_security_group.this_name_prefix",
            "module.security_group_rds.aws_security_group.this",
            "module.security_group_rds.aws_security_group.this_name_prefix",
            "module.vpc.aws_subnet.database",
            "module.vpc.aws_subnet.public",
            "module.vpc.aws_vpc.this",
            "module.vpc.aws_vpc_ipv4_cidr_block_association.this"
          ]
        }
      ]
    },
    {
      "module": "module.alb",
      "mode": "managed",
      "type": "aws_lb_listener_rule",
      "name": "http_tcp_listener_rule",
      "provider": "provider[\"registry.terraform.io/hashicorp/aws\"]",
      "instances": [
        {
          "index_key": 0,
          "schema_version": 0,
          "attributes": {
            "action": [
              {
                "authenticate_cognito": [],
                "authenticate_oidc": [],
                "fixed_response": [
                  {
                    "content_type": "text/plain",
                    "message_body": "This is a fixed response",
                    "status_code": "200"
                  }
                ],
                "forward": [],
                "order": 1,
                "redirect": [],
                "target_group_arn": "",
                "type": "fixed-response"
              }
            ],
            "arn": "arn:aws:elasticloadbalancing:eu-west-1:847313801937:listener-rule/app/wordpress-alb/ad423aae7d59ef6a/b08fdbdff5e12d6b/6bb1e4e4e432b3cf",
            "condition": [
              {
                "host_header": [],
                "http_header": [
                  {
                    "http_header_name": "x-Gimme-Fixed-Response",
                    "values": [
                      "please",
                      "right now",
                      "yes"
                    ]
                  }
                ],
                "http_request_method": [],
                "path_pattern": [],
                "query_string": [],
                "source_ip": []
              }
            ],
            "id": "arn:aws:elasticloadbalancing:eu-west-1:847313801937:listener-rule/app/wordpress-alb/ad423aae7d59ef6a/b08fdbdff5e12d6b/6bb1e4e4e432b3cf",
            "listener_arn": "arn:aws:elasticloadbalancing:eu-west-1:847313801937:listener/app/wordpress-alb/ad423aae7d59ef6a/b08fdbdff5e12d6b",
            "priority": 3,
            "tags": {
              "Environment": "Wordpress",
              "Owner": "Dext"
            },
            "tags_all": {
              "Environment": "Wordpress",
              "Owner": "Dext"
            }
          },
          "sensitive_attributes": [],
          "private": "bnVsbA==",
          "dependencies": [
            "data.template_cloudinit_config.user_data_wp",
            "module.alb.aws_lb.this",
            "module.alb.aws_lb_listener.frontend_http_tcp",
            "module.alb.aws_lb_target_group.main",
            "module.db_default.module.db_instance.aws_db_instance.this",
            "module.db_default.module.db_instance.aws_db_instance.this_mssql",
            "module.db_default.module.db_instance.aws_iam_role.enhanced_monitoring",
            "module.db_default.module.db_instance.random_id.snapshot_identifier",
            "module.db_default.module.db_option_group.aws_db_option_group.this",
            "module.db_default.module.db_parameter_group.aws_db_parameter_group.this",
            "module.db_default.module.db_subnet_group.aws_db_subnet_group.this",
            "module.db_default.random_password.master_password",
            "module.ec2_complete.aws_instance.this",
            "module.ec2_complete.aws_spot_instance_request.this",
            "module.security_group.aws_security_group.this",
            "module.security_group.aws_security_group.this_name_prefix",
            "module.security_group_rds.aws_security_group.this",
            "module.security_group_rds.aws_security_group.this_name_prefix",
            "module.vpc.aws_subnet.database",
            "module.vpc.aws_subnet.public",
            "module.vpc.aws_vpc.this",
            "module.vpc.aws_vpc_ipv4_cidr_block_association.this"
          ]
        },
        {
          "index_key": 1,
          "schema_version": 0,
          "attributes": {
            "action": [
              {
                "authenticate_cognito": [],
                "authenticate_oidc": [],
                "fixed_response": [],
                "forward": [],
                "order": 1,
                "redirect": [
                  {
                    "host": "www.youtube.com",
                    "path": "/watch",
                    "port": "#{port}",
                    "protocol": "HTTPS",
                    "query": "v=dQw4w9WgXcQ",
                    "status_code": "HTTP_302"
                  }
                ],
                "target_group_arn": "",
                "type": "redirect"
              }
            ],
            "arn": "arn:aws:elasticloadbalancing:eu-west-1:847313801937:listener-rule/app/wordpress-alb/ad423aae7d59ef6a/b08fdbdff5e12d6b/8a52bbf92b716815",
            "condition": [
              {
                "host_header": [],
                "http_header": [],
                "http_request_method": [],
                "path_pattern": [],
                "query_string": [
                  {
                    "key": "video",
                    "value": "random"
                  }
                ],
                "source_ip": []
              }
            ],
            "id": "arn:aws:elasticloadbalancing:eu-west-1:847313801937:listener-rule/app/wordpress-alb/ad423aae7d59ef6a/b08fdbdff5e12d6b/8a52bbf92b716815",
            "listener_arn": "arn:aws:elasticloadbalancing:eu-west-1:847313801937:listener/app/wordpress-alb/ad423aae7d59ef6a/b08fdbdff5e12d6b",
            "priority": 5000,
            "tags": {
              "Environment": "Wordpress",
              "Owner": "Dext"
            },
            "tags_all": {
              "Environment": "Wordpress",
              "Owner": "Dext"
            }
          },
          "sensitive_attributes": [],
          "private": "bnVsbA==",
          "dependencies": [
            "data.template_cloudinit_config.user_data_wp",
            "module.alb.aws_lb.this",
            "module.alb.aws_lb_listener.frontend_http_tcp",
            "module.alb.aws_lb_target_group.main",
            "module.db_default.module.db_instance.aws_db_instance.this",
            "module.db_default.module.db_instance.aws_db_instance.this_mssql",
            "module.db_default.module.db_instance.aws_iam_role.enhanced_monitoring",
            "module.db_default.module.db_instance.random_id.snapshot_identifier",
            "module.db_default.module.db_option_group.aws_db_option_group.this",
            "module.db_default.module.db_parameter_group.aws_db_parameter_group.this",
            "module.db_default.module.db_subnet_group.aws_db_subnet_group.this",
            "module.db_default.random_password.master_password",
            "module.ec2_complete.aws_instance.this",
            "module.ec2_complete.aws_spot_instance_request.this",
            "module.security_group.aws_security_group.this",
            "module.security_group.aws_security_group.this_name_prefix",
            "module.security_group_rds.aws_security_group.this",
            "module.security_group_rds.aws_security_group.this_name_prefix",
            "module.vpc.aws_subnet.database",
            "module.vpc.aws_subnet.public",
            "module.vpc.aws_vpc.this",
            "module.vpc.aws_vpc_ipv4_cidr_block_association.this"
          ]
        }
      ]
    },
    {
      "module": "module.alb",
      "mode": "managed",
      "type": "aws_lb_target_group",
      "name": "main",
      "provider": "provider[\"registry.terraform.io/hashicorp/aws\"]",
      "instances": [
        {
          "index_key": 0,
          "schema_version": 0,
          "attributes": {
            "arn": "arn:aws:elasticloadbalancing:eu-west-1:847313801937:targetgroup/WP-20211127164159778700000004/dcac8bb529cf1a52",
            "arn_suffix": "targetgroup/WP-20211127164159778700000004/dcac8bb529cf1a52",
            "deregistration_delay": "10",
            "health_check": [
              {
                "enabled": true,
                "healthy_threshold": 3,
                "interval": 30,
                "matcher": "200-399",
                "path": "/",
                "port": "traffic-port",
                "protocol": "HTTP",
                "timeout": 6,
                "unhealthy_threshold": 3
              }
            ],
            "id": "arn:aws:elasticloadbalancing:eu-west-1:847313801937:targetgroup/WP-20211127164159778700000004/dcac8bb529cf1a52",
            "lambda_multi_value_headers_enabled": false,
            "load_balancing_algorithm_type": "round_robin",
            "name": "WP-20211127164159778700000004",
            "name_prefix": "WP-",
            "port": 80,
            "preserve_client_ip": null,
            "protocol": "HTTP",
            "protocol_version": "HTTP1",
            "proxy_protocol_v2": false,
            "slow_start": 0,
            "stickiness": [
              {
                "cookie_duration": 86400,
                "cookie_name": "",
                "enabled": false,
                "type": "lb_cookie"
              }
            ],
            "tags": {
              "Environment": "Wordpress",
              "Name": "WP-",
              "Owner": "Dext"
            },
            "tags_all": {
              "Environment": "Wordpress",
              "Name": "WP-",
              "Owner": "Dext"
            },
            "target_type": "instance",
            "vpc_id": "vpc-004c78650c1507339"
          },
          "sensitive_attributes": [],
          "private": "bnVsbA==",
          "dependencies": [
            "data.template_cloudinit_config.user_data_wp",
            "module.alb.aws_lb.this",
            "module.db_default.module.db_instance.aws_db_instance.this",
            "module.db_default.module.db_instance.aws_db_instance.this_mssql",
            "module.db_default.module.db_instance.aws_iam_role.enhanced_monitoring",
            "module.db_default.module.db_instance.random_id.snapshot_identifier",
            "module.db_default.module.db_option_group.aws_db_option_group.this",
            "module.db_default.module.db_parameter_group.aws_db_parameter_group.this",
            "module.db_default.module.db_subnet_group.aws_db_subnet_group.this",
            "module.db_default.random_password.master_password",
            "module.ec2_complete.aws_instance.this",
            "module.ec2_complete.aws_spot_instance_request.this",
            "module.security_group.aws_security_group.this",
            "module.security_group.aws_security_group.this_name_prefix",
            "module.security_group_rds.aws_security_group.this",
            "module.security_group_rds.aws_security_group.this_name_prefix",
            "module.vpc.aws_subnet.database",
            "module.vpc.aws_subnet.public",
            "module.vpc.aws_vpc.this",
            "module.vpc.aws_vpc_ipv4_cidr_block_association.this"
          ],
          "create_before_destroy": true
        }
      ]
    },
    {
      "module": "module.alb",
      "mode": "managed",
      "type": "aws_lb_target_group_attachment",
      "name": "this",
      "provider": "provider[\"registry.terraform.io/hashicorp/aws\"]",
      "instances": [
        {
          "index_key": "0.my_ec2_01",
          "schema_version": 0,
          "attributes": {
            "availability_zone": null,
            "id": "arn:aws:elasticloadbalancing:eu-west-1:847313801937:targetgroup/WP-20211127164159778700000004/dcac8bb529cf1a52-20211127164201795700000005",
            "port": 80,
            "target_group_arn": "arn:aws:elasticloadbalancing:eu-west-1:847313801937:targetgroup/WP-20211127164159778700000004/dcac8bb529cf1a52",
            "target_id": "i-0b6b20fd821a498b9"
          },
          "sensitive_attributes": [],
          "private": "bnVsbA==",
          "dependencies": [
            "data.template_cloudinit_config.user_data_wp",
            "module.alb.aws_lb.this",
            "module.alb.aws_lb_target_group.main",
            "module.db_default.module.db_instance.aws_db_instance.this",
            "module.db_default.module.db_instance.aws_db_instance.this_mssql",
            "module.db_default.module.db_instance.aws_iam_role.enhanced_monitoring",
            "module.db_default.module.db_instance.random_id.snapshot_identifier",
            "module.db_default.module.db_option_group.aws_db_option_group.this",
            "module.db_default.module.db_parameter_group.aws_db_parameter_group.this",
            "module.db_default.module.db_subnet_group.aws_db_subnet_group.this",
            "module.db_default.random_password.master_password",
            "module.ec2_complete.aws_instance.this",
            "module.ec2_complete.aws_spot_instance_request.this",
            "module.security_group.aws_security_group.this",
            "module.security_group.aws_security_group.this_name_prefix",
            "module.security_group_rds.aws_security_group.this",
            "module.security_group_rds.aws_security_group.this_name_prefix",
            "module.vpc.aws_subnet.database",
            "module.vpc.aws_subnet.public",
            "module.vpc.aws_vpc.this",
            "module.vpc.aws_vpc_ipv4_cidr_block_association.this"
          ]
        },
        {
          "index_key": "0.my_ec2_02",
          "schema_version": 0,
          "attributes": {
            "availability_zone": null,
            "id": "arn:aws:elasticloadbalancing:eu-west-1:847313801937:targetgroup/WP-20211127164159778700000004/dcac8bb529cf1a52-20211127164201845300000006",
            "port": 80,
            "target_group_arn": "arn:aws:elasticloadbalancing:eu-west-1:847313801937:targetgroup/WP-20211127164159778700000004/dcac8bb529cf1a52",
            "target_id": "i-034fb48cdf75342f2"
          },
          "sensitive_attributes": [],
          "private": "bnVsbA==",
          "dependencies": [
            "data.template_cloudinit_config.user_data_wp",
            "module.alb.aws_lb.this",
            "module.alb.aws_lb_target_group.main",
            "module.db_default.module.db_instance.aws_db_instance.this",
            "module.db_default.module.db_instance.aws_db_instance.this_mssql",
            "module.db_default.module.db_instance.aws_iam_role.enhanced_monitoring",
            "module.db_default.module.db_instance.random_id.snapshot_identifier",
            "module.db_default.module.db_option_group.aws_db_option_group.this",
            "module.db_default.module.db_parameter_group.aws_db_parameter_group.this",
            "module.db_default.module.db_subnet_group.aws_db_subnet_group.this",
            "module.db_default.random_password.master_password",
            "module.ec2_complete.aws_instance.this",
            "module.ec2_complete.aws_spot_instance_request.this",
            "module.security_group.aws_security_group.this",
            "module.security_group.aws_security_group.this_name_prefix",
            "module.security_group_rds.aws_security_group.this",
            "module.security_group_rds.aws_security_group.this_name_prefix",
            "module.vpc.aws_subnet.database",
            "module.vpc.aws_subnet.public",
            "module.vpc.aws_vpc.this",
            "module.vpc.aws_vpc_ipv4_cidr_block_association.this"
          ]
        }
      ]
    },
    {
      "module": "module.db_default",
      "mode": "managed",
      "type": "local_file",
      "name": "master_password",
      "provider": "provider[\"registry.terraform.io/hashicorp/local\"]",
      "instances": [
        {
          "schema_version": 0,
          "attributes": {
            "content": null,
            "content_base64": null,
            "directory_permission": "0777",
            "file_permission": "0664",
            "filename": "credentials/db_pass",
            "id": "e5312d08f2045362e9a4ffae43bf74972f75140f",
            "sensitive_content": "LbJz4SVQL7oM",
            "source": null
          },
          "sensitive_attributes": [
            [
              {
                "type": "get_attr",
                "value": "sensitive_content"
              }
            ]
          ],
          "private": "bnVsbA==",
          "dependencies": [
            "module.db_default.random_password.master_password"
          ]
        }
      ]
    },
    {
      "module": "module.db_default",
      "mode": "managed",
      "type": "random_password",
      "name": "master_password",
      "provider": "provider[\"registry.terraform.io/hashicorp/random\"]",
      "instances": [
        {
          "index_key": 0,
          "schema_version": 0,
          "attributes": {
            "id": "none",
            "keepers": null,
            "length": 12,
            "lower": true,
            "min_lower": 0,
            "min_numeric": 0,
            "min_special": 0,
            "min_upper": 0,
            "number": true,
            "override_special": null,
            "result": "LbJz4SVQL7oM",
            "special": false,
            "upper": true
          },
          "sensitive_attributes": [],
          "private": "bnVsbA==",
          "create_before_destroy": true
        }
      ]
    },
    {
      "module": "module.db_default.module.db_instance",
      "mode": "data",
      "type": "aws_iam_policy_document",
      "name": "enhanced_monitoring",
      "provider": "provider[\"registry.terraform.io/hashicorp/aws\"]",
      "instances": [
        {
          "schema_version": 0,
          "attributes": {
            "id": "1813475199",
            "json": "{\n  \"Version\": \"2012-10-17\",\n  \"Statement\": [\n    {\n      \"Sid\": \"\",\n      \"Effect\": \"Allow\",\n      \"Action\": \"sts:AssumeRole\",\n      \"Principal\": {\n        \"Service\": \"monitoring.rds.amazonaws.com\"\n      }\n    }\n  ]\n}",
            "override_json": null,
            "override_policy_documents": null,
            "policy_id": null,
            "source_json": null,
            "source_policy_documents": null,
            "statement": [
              {
                "actions": [
                  "sts:AssumeRole"
                ],
                "condition": [],
                "effect": "Allow",
                "not_actions": [],
                "not_principals": [],
                "not_resources": [],
                "principals": [
                  {
                    "identifiers": [
                      "monitoring.rds.amazonaws.com"
                    ],
                    "type": "Service"
                  }
                ],
                "resources": [],
                "sid": ""
              }
            ],
            "version": "2012-10-17"
          },
          "sensitive_attributes": []
        }
      ]
    },
    {
      "module": "module.db_default.module.db_instance",
      "mode": "data",
      "type": "aws_partition",
      "name": "current",
      "provider": "provider[\"registry.terraform.io/hashicorp/aws\"]",
      "instances": [
        {
          "schema_version": 0,
          "attributes": {
            "dns_suffix": "amazonaws.com",
            "id": "aws",
            "partition": "aws",
            "reverse_dns_prefix": "com.amazonaws"
          },
          "sensitive_attributes": []
        }
      ]
    },
    {
      "module": "module.db_default.module.db_instance",
      "mode": "managed",
      "type": "aws_db_instance",
      "name": "this",
      "provider": "provider[\"registry.terraform.io/hashicorp/aws\"]",
      "instances": [
        {
          "index_key": 0,
          "schema_version": 1,
          "attributes": {
            "address": "wordpress-db.chnmb9ogvdrj.eu-west-1.rds.amazonaws.com",
            "allocated_storage": 20,
            "allow_major_version_upgrade": false,
            "apply_immediately": false,
            "arn": "arn:aws:rds:eu-west-1:847313801937:db:wordpress-db",
            "auto_minor_version_upgrade": true,
            "availability_zone": "eu-west-1a",
            "backup_retention_period": 0,
            "backup_window": "03:00-06:00",
            "ca_cert_identifier": "rds-ca-2019",
            "character_set_name": "",
            "copy_tags_to_snapshot": false,
            "customer_owned_ip_enabled": false,
            "db_subnet_group_name": "wordpress-db-20211127163744139400000003",
            "delete_automated_backups": true,
            "deletion_protection": false,
            "domain": "",
            "domain_iam_role_name": "",
            "enabled_cloudwatch_logs_exports": null,
            "endpoint": "wordpress-db.chnmb9ogvdrj.eu-west-1.rds.amazonaws.com:3306",
            "engine": "mysql",
            "engine_version": "8.0.20",
            "engine_version_actual": "8.0.20",
            "final_snapshot_identifier": null,
            "hosted_zone_id": "Z29XKXDKYMONMX",
            "iam_database_authentication_enabled": false,
            "id": "wordpress-db",
            "identifier": "wordpress-db",
            "identifier_prefix": null,
            "instance_class": "db.t2.small",
            "iops": 0,
            "kms_key_id": "",
            "latest_restorable_time": "0001-01-01T00:00:00Z",
            "license_model": "general-public-license",
            "maintenance_window": "mon:00:00-mon:03:00",
            "max_allocated_storage": 0,
            "monitoring_interval": 0,
            "monitoring_role_arn": "",
            "multi_az": false,
            "name": "WPDB",
            "nchar_character_set_name": "",
            "option_group_name": "default:mysql-8-0",
            "parameter_group_name": "default.mysql8.0",
            "password": "LbJz4SVQL7oM",
            "performance_insights_enabled": false,
            "performance_insights_kms_key_id": "",
            "performance_insights_retention_period": 0,
            "port": 3306,
            "publicly_accessible": false,
            "replica_mode": "",
            "replicas": [],
            "replicate_source_db": "",
            "resource_id": "db-3WO4DZDLAL5RJMIQUZ4DW5CMMA",
            "restore_to_point_in_time": [],
            "s3_import": [],
            "security_group_names": null,
            "skip_final_snapshot": true,
            "snapshot_identifier": null,
            "status": "available",
            "storage_encrypted": false,
            "storage_type": "gp2",
            "tags": {
              "Environment": "Wordpress",
              "Name": "wordpress-db",
              "Owner": "Dext"
            },
            "tags_all": {
              "Environment": "Wordpress",
              "Name": "wordpress-db",
              "Owner": "Dext"
            },
            "timeouts": {
              "create": "40m",
              "delete": "40m",
              "update": "80m"
            },
            "timezone": "",
            "username": "wpadmin",
            "vpc_security_group_ids": [
              "sg-0beef99801e864c0a"
            ]
          },
          "sensitive_attributes": [
            [
              {
                "type": "get_attr",
                "value": "password"
              }
            ]
          ],
          "private": "eyJlMmJmYjczMC1lY2FhLTExZTYtOGY4OC0zNDM2M2JjN2M0YzAiOnsiY3JlYXRlIjoyNDAwMDAwMDAwMDAwLCJkZWxldGUiOjI0MDAwMDAwMDAwMDAsInVwZGF0ZSI6NDgwMDAwMDAwMDAwMH0sInNjaGVtYV92ZXJzaW9uIjoiMSJ9",
          "dependencies": [
            "module.db_default.module.db_instance.aws_iam_role.enhanced_monitoring",
            "module.db_default.module.db_instance.random_id.snapshot_identifier",
            "module.db_default.module.db_option_group.aws_db_option_group.this",
            "module.db_default.module.db_parameter_group.aws_db_parameter_group.this",
            "module.db_default.module.db_subnet_group.aws_db_subnet_group.this",
            "module.db_default.random_password.master_password",
            "module.security_group_rds.aws_security_group.this",
            "module.security_group_rds.aws_security_group.this_name_prefix",
            "module.vpc.aws_subnet.database",
            "module.vpc.aws_vpc.this",
            "module.vpc.aws_vpc_ipv4_cidr_block_association.this"
          ],
          "create_before_destroy": true
        }
      ]
    },
    {
      "module": "module.db_default.module.db_subnet_group",
      "mode": "managed",
      "type": "aws_db_subnet_group",
      "name": "this",
      "provider": "provider[\"registry.terraform.io/hashicorp/aws\"]",
      "instances": [
        {
          "index_key": 0,
          "schema_version": 0,
          "attributes": {
            "arn": "arn:aws:rds:eu-west-1:847313801937:subgrp:wordpress-db-20211127163744139400000003",
            "description": "wordpress-db subnet group",
            "id": "wordpress-db-20211127163744139400000003",
            "name": "wordpress-db-20211127163744139400000003",
            "name_prefix": "wordpress-db-",
            "subnet_ids": [
              "subnet-02b442681d7963b0d",
              "subnet-0c6380f7c90068524"
            ],
            "tags": {
              "Environment": "Wordpress",
              "Name": "wordpress-db",
              "Owner": "Dext"
            },
            "tags_all": {
              "Environment": "Wordpress",
              "Name": "wordpress-db",
              "Owner": "Dext"
            }
          },
          "sensitive_attributes": [],
          "private": "bnVsbA==",
          "dependencies": [
            "module.vpc.aws_subnet.database",
            "module.vpc.aws_vpc.this",
            "module.vpc.aws_vpc_ipv4_cidr_block_association.this"
          ],
          "create_before_destroy": true
        }
      ]
    },
    {
      "module": "module.ec2_complete[0]",
      "mode": "managed",
      "type": "aws_instance",
      "name": "this",
      "provider": "provider[\"registry.terraform.io/hashicorp/aws\"]",
      "instances": [
        {
          "index_key": 0,
          "schema_version": 1,
          "attributes": {
            "ami": "ami-09ce2fc392a4c0fbc",
            "arn": "arn:aws:ec2:eu-west-1:847313801937:instance/i-0b6b20fd821a498b9",
            "associate_public_ip_address": true,
            "availability_zone": "eu-west-1a",
            "capacity_reservation_specification": [
              {
                "capacity_reservation_preference": "open",
                "capacity_reservation_target": []
              }
            ],
            "cpu_core_count": 1,
            "cpu_threads_per_core": 1,
            "credit_specification": [
              {
                "cpu_credits": "standard"
              }
            ],
            "disable_api_termination": false,
            "ebs_block_device": [],
            "ebs_optimized": false,
            "enclave_options": [
              {
                "enabled": false
              }
            ],
            "ephemeral_block_device": [],
            "get_password_data": false,
            "hibernation": false,
            "host_id": null,
            "iam_instance_profile": "",
            "id": "i-0b6b20fd821a498b9",
            "instance_initiated_shutdown_behavior": "stop",
            "instance_state": "running",
            "instance_type": "t2.micro",
            "ipv6_address_count": 0,
            "ipv6_addresses": [],
            "key_name": "public.key",
            "launch_template": [],
            "metadata_options": [
              {
                "http_endpoint": "enabled",
                "http_put_response_hop_limit": 1,
                "http_tokens": "optional"
              }
            ],
            "monitoring": false,
            "network_interface": [],
            "outpost_arn": "",
            "password_data": "",
            "placement_group": "",
            "placement_partition_number": null,
            "primary_network_interface_id": "eni-0697c432081a07890",
            "private_dns": "ip-192-168-0-14.eu-west-1.compute.internal",
            "private_ip": "192.168.0.14",
            "public_dns": "",
            "public_ip": "34.254.238.110",
            "root_block_device": [
              {
                "delete_on_termination": true,
                "device_name": "/dev/xvda",
                "encrypted": true,
                "iops": 100,
                "kms_key_id": "arn:aws:kms:eu-west-1:847313801937:key/afe5016e-a62f-415f-bd4f-28dcded535aa",
                "tags": {
                  "Name": "Wordpress-ebs-01"
                },
                "throughput": 0,
                "volume_id": "vol-0b757693417e82d45",
                "volume_size": 8,
                "volume_type": "gp2"
              }
            ],
            "secondary_private_ips": [],
            "security_groups": [],
            "source_dest_check": true,
            "subnet_id": "subnet-0073bfc437d8159f6",
            "tags": {
              "Environment": "Wordpress",
              "Name": "Wordpress-01",
              "Owner": "Dext"
            },
            "tags_all": {
              "Environment": "Wordpress",
              "Name": "Wordpress-01",
              "Owner": "Dext"
            },
            "tenancy": "default",
            "timeouts": {
              "create": null,
              "delete": null,
              "update": null
            },
            "user_data": null,
            "user_data_base64": "Q29udGVudC1UeXBlOiBtdWx0aXBhcnQvbWl4ZWQ7IGJvdW5kYXJ5PSJNSU1FQk9VTkRBUlkiCk1JTUUtVmVyc2lvbjogMS4wDQoNCi0tTUlNRUJPVU5EQVJZDQpDb250ZW50LVRyYW5zZmVyLUVuY29kaW5nOiA3Yml0DQpDb250ZW50LVR5cGU6IHRleHQveC1zaGVsbHNjcmlwdA0KTWltZS1WZXJzaW9uOiAxLjANCg0KIyEvYmluL2Jhc2gKaG9zdG5hbWVjdGwgc2V0LWhvc3RuYW1lICJ3b3JkcHJlc3MtMDEiCmhvc3RuYW1lCnN1ZG8gYW1hem9uLWxpbnV4LWV4dHJhcyBpbnN0YWxsIC15IHBocDcuMgpzdWRvIHl1bSBpbnN0YWxsIC15IGh0dHBkIG15c3FsCnN1ZG8gc3lzdGVtY3RsIHN0YXJ0IGh0dHBkCnN1ZG8gc3lzdGVtY3RsIGVuYWJsZSBodHRwZApzdWRvIHVzZXJtb2QgLWEgLUcgYXBhY2hlIGVjMi11c2VyCnN1ZG8gY2hvd24gLVIgZWMyLXVzZXI6YXBhY2hlIC92YXIvd3d3CnN1ZG8gY2htb2QgMjc3NSAvdmFyL3d3dyAmJiBmaW5kIC92YXIvd3d3IC10eXBlIGQgLWV4ZWMgc3VkbyBjaG1vZCAyNzc1IHt9IFw7CmN1cmwgLU8gaHR0cHM6Ly9yYXcuZ2l0aHVidXNlcmNvbnRlbnQuY29tL3dwLWNsaS9idWlsZHMvZ2gtcGFnZXMvcGhhci93cC1jbGkucGhhcgpjaG1vZCAreCB3cC1jbGkucGhhcgpzdWRvIG12IHdwLWNsaS5waGFyIC91c3IvbG9jYWwvYmluL3dwCmNkIC92YXIvd3d3L2h0bWwKd3AgY29yZSBkb3dubG9hZApjcCAtcCB3cC1jb25maWctc2FtcGxlLnBocCB3cC1jb25maWcucGhwCnNlZCAtaSAncy9kYXRhYmFzZV9uYW1lX2hlcmUvV1BEQi8nIHdwLWNvbmZpZy5waHAKc2VkIC1pICdzL3VzZXJuYW1lX2hlcmUvd3BhZG1pbi8nIHdwLWNvbmZpZy5waHAKc2VkIC1pICdzL3Bhc3N3b3JkX2hlcmUvTGJKejRTVlFMN29NLycgd3AtY29uZmlnLnBocApzZWQgLWkgJ3MvbG9jYWxob3N0L3dvcmRwcmVzcy1kYi5jaG5tYjlvZ3ZkcmouZXUtd2VzdC0xLnJkcy5hbWF6b25hd3MuY29tLycgd3AtY29uZmlnLnBocApzZWQgLWkgJy9wdXQgeW91ciB1bmlxdWUgcGhyYXNlIGhlcmUvZCcgd3AtY29uZmlnLnBocApjdXJsIGh0dHBzOi8vYXBpLndvcmRwcmVzcy5vcmcvc2VjcmV0LWtleS8xLjEvc2FsdC8gPj4gd3AtY29uZmlnLnBocCAKc3VkbyBjaG93biAtUiBlYzItdXNlcjphcGFjaGUgL3Zhci93d3cKCmlmIFtbIGBob3N0bmFtZWAgPT0gIndvcmRwcmVzcy0wMSIgXV07IHRoZW4KICBlY2hvIEkgYW0gbnVtYmVyIDAxCiAgZWNobyBHRVQgUFVCTElDIElQIE9SIEZRRE4KICBjZCAvdG1wCiAgY3VybCAtTEogaHR0cHM6Ly9naXRodWIuY29tL3Bpcm9mZi93b3JkcHJlc3MvdGFyYmFsbC9tYWluIC1vIHdvcmRwcmVzcy50YXIuZ3oKICB0YXIgeHpmIHdvcmRwcmVzcy50YXIuZ3oKICBmaW5kIC4gLW5hbWUgYmxvZ3Bvc3RfYm9keS50eHQgLWV4ZWMgbXYge30gLi8gXDsKICBmaW5kIC4gLW5hbWUgY3Jvbi5zaCAtZXhlYyBtdiB7fSAuLyBcOwogIGNob3duIGVjMi11c2VyOmVjMi11c2VyIGJsb2dwb3N0X2JvZHkudHh0IGNyb24uc2gKICBjaG1vZCAreCBjcm9uLnNoCiAgc2VkIC1pICdzL0RCX1VTRVIvd3BhZG1pbi8nIGNyb24uc2gKICBzZWQgLWkgJ3MvREJfUEFTUy9MYkp6NFNWUUw3b00vJyBjcm9uLnNoCiAgc2VkIC1pICdzL0RCX05BTUUvV1BEQi8nIGNyb24uc2gKICBzZWQgLWkgJ3MvREJfQUREUi93b3JkcHJlc3MtZGIuY2hubWI5b2d2ZHJqLmV1LXdlc3QtMS5yZHMuYW1hem9uYXdzLmNvbS8nIGNyb24uc2gKICBtdiBjcm9uLnNoIC9ob21lL2VjMi11c2VyLwogIGNkIC92YXIvd3d3L2h0bWwKICB3cCBjb3JlIGluc3RhbGwgLS11cmw9IndvcmRwcmVzcy1hbGItMTgwMTIxMzM3OC5ldS13ZXN0LTEuZWxiLmFtYXpvbmF3cy5jb20iIC0tdGl0bGU9IkRleHQiIC0tYWRtaW5fdXNlcj0id3BhZG1pbiIgLS1hZG1pbl9wYXNzd29yZD0iTGJKejRTVlFMN29NIiAtLWFkbWluX2VtYWlsPSJteUBtYS5pbCIKICB3cCBwb3N0IGRlbGV0ZSAkKHdwIHBvc3QgbGlzdCAtLXBvc3Rfc3RhdHVzPXB1Ymxpc2ggLS1mb3JtYXQ9aWRzKQogIHdwIHBvc3QgZGVsZXRlICQod3AgcG9zdCBsaXN0IC0tcG9zdF9zdGF0dXM9dHJhc2ggLS1mb3JtYXQ9aWRzKQogIHdwIHBvc3QgY3JlYXRlIC90bXAvYmxvZ3Bvc3RfYm9keS50eHQgLS1wb3N0X3RpdGxlPSdMaW51eCBuYW1lc3BhY2VzJyAtLXBvc3Rfc3RhdHVzPSdwdWJsaXNoJwogIGVjaG8gIjAgMyAqICogMCAvaG9tZS9lYzItdXNlci9jcm9uLnNoID4gL2Rldi9udWxsIDI+JjEiIHwgdGVlIC92YXIvc3Bvb2wvY3Jvbi9lYzItdXNlcgpmaQoNCi0tTUlNRUJPVU5EQVJZLS0NCg==",
            "volume_tags": null,
            "vpc_security_group_ids": [
              "sg-0d7d5680cc4a71f8b"
            ]
          },
          "sensitive_attributes": [],
          "private": "eyJlMmJmYjczMC1lY2FhLTExZTYtOGY4OC0zNDM2M2JjN2M0YzAiOnsiY3JlYXRlIjo2MDAwMDAwMDAwMDAsImRlbGV0ZSI6MTIwMDAwMDAwMDAwMCwidXBkYXRlIjo2MDAwMDAwMDAwMDB9LCJzY2hlbWFfdmVyc2lvbiI6IjEifQ==",
          "dependencies": [
            "data.template_cloudinit_config.user_data_wp",
            "module.alb.aws_lb.this",
            "module.db_default.module.db_instance.aws_db_instance.this",
            "module.db_default.module.db_instance.aws_db_instance.this_mssql",
            "module.db_default.module.db_instance.aws_iam_role.enhanced_monitoring",
            "module.db_default.module.db_instance.random_id.snapshot_identifier",
            "module.db_default.module.db_option_group.aws_db_option_group.this",
            "module.db_default.module.db_parameter_group.aws_db_parameter_group.this",
            "module.db_default.module.db_subnet_group.aws_db_subnet_group.this",
            "module.db_default.random_password.master_password",
            "module.security_group.aws_security_group.this",
            "module.security_group.aws_security_group.this_name_prefix",
            "module.security_group_rds.aws_security_group.this",
            "module.security_group_rds.aws_security_group.this_name_prefix",
            "module.vpc.aws_subnet.database",
            "module.vpc.aws_subnet.public",
            "module.vpc.aws_vpc.this",
            "module.vpc.aws_vpc_ipv4_cidr_block_association.this"
          ],
          "create_before_destroy": true
        }
      ]
    },
    {
      "module": "module.ec2_complete[1]",
      "mode": "managed",
      "type": "aws_instance",
      "name": "this",
      "provider": "provider[\"registry.terraform.io/hashicorp/aws\"]",
      "instances": [
        {
          "index_key": 0,
          "schema_version": 1,
          "attributes": {
            "ami": "ami-09ce2fc392a4c0fbc",
            "arn": "arn:aws:ec2:eu-west-1:847313801937:instance/i-034fb48cdf75342f2",
            "associate_public_ip_address": true,
            "availability_zone": "eu-west-1a",
            "capacity_reservation_specification": [
              {
                "capacity_reservation_preference": "open",
                "capacity_reservation_target": []
              }
            ],
            "cpu_core_count": 1,
            "cpu_threads_per_core": 1,
            "credit_specification": [
              {
                "cpu_credits": "standard"
              }
            ],
            "disable_api_termination": false,
            "ebs_block_device": [],
            "ebs_optimized": false,
            "enclave_options": [
              {
                "enabled": false
              }
            ],
            "ephemeral_block_device": [],
            "get_password_data": false,
            "hibernation": false,
            "host_id": null,
            "iam_instance_profile": "",
            "id": "i-034fb48cdf75342f2",
            "instance_initiated_shutdown_behavior": "stop",
            "instance_state": "running",
            "instance_type": "t2.micro",
            "ipv6_address_count": 0,
            "ipv6_addresses": [],
            "key_name": "public.key",
            "launch_template": [],
            "metadata_options": [
              {
                "http_endpoint": "enabled",
                "http_put_response_hop_limit": 1,
                "http_tokens": "optional"
              }
            ],
            "monitoring": false,
            "network_interface": [],
            "outpost_arn": "",
            "password_data": "",
            "placement_group": "",
            "placement_partition_number": null,
            "primary_network_interface_id": "eni-0dd16087f92e18928",
            "private_dns": "ip-192-168-0-13.eu-west-1.compute.internal",
            "private_ip": "192.168.0.13",
            "public_dns": "",
            "public_ip": "18.202.78.5",
            "root_block_device": [
              {
                "delete_on_termination": true,
                "device_name": "/dev/xvda",
                "encrypted": true,
                "iops": 100,
                "kms_key_id": "arn:aws:kms:eu-west-1:847313801937:key/afe5016e-a62f-415f-bd4f-28dcded535aa",
                "tags": {
                  "Name": "Wordpress-ebs-02"
                },
                "throughput": 0,
                "volume_id": "vol-0a8ef40309a40ee66",
                "volume_size": 8,
                "volume_type": "gp2"
              }
            ],
            "secondary_private_ips": [],
            "security_groups": [],
            "source_dest_check": true,
            "subnet_id": "subnet-0073bfc437d8159f6",
            "tags": {
              "Environment": "Wordpress",
              "Name": "Wordpress-02",
              "Owner": "Dext"
            },
            "tags_all": {
              "Environment": "Wordpress",
              "Name": "Wordpress-02",
              "Owner": "Dext"
            },
            "tenancy": "default",
            "timeouts": {
              "create": null,
              "delete": null,
              "update": null
            },
            "user_data": null,
            "user_data_base64": "Q29udGVudC1UeXBlOiBtdWx0aXBhcnQvbWl4ZWQ7IGJvdW5kYXJ5PSJNSU1FQk9VTkRBUlkiCk1JTUUtVmVyc2lvbjogMS4wDQoNCi0tTUlNRUJPVU5EQVJZDQpDb250ZW50LVRyYW5zZmVyLUVuY29kaW5nOiA3Yml0DQpDb250ZW50LVR5cGU6IHRleHQveC1zaGVsbHNjcmlwdA0KTWltZS1WZXJzaW9uOiAxLjANCg0KIyEvYmluL2Jhc2gKaG9zdG5hbWVjdGwgc2V0LWhvc3RuYW1lICJ3b3JkcHJlc3MtMDIiCmhvc3RuYW1lCnN1ZG8gYW1hem9uLWxpbnV4LWV4dHJhcyBpbnN0YWxsIC15IHBocDcuMgpzdWRvIHl1bSBpbnN0YWxsIC15IGh0dHBkIG15c3FsCnN1ZG8gc3lzdGVtY3RsIHN0YXJ0IGh0dHBkCnN1ZG8gc3lzdGVtY3RsIGVuYWJsZSBodHRwZApzdWRvIHVzZXJtb2QgLWEgLUcgYXBhY2hlIGVjMi11c2VyCnN1ZG8gY2hvd24gLVIgZWMyLXVzZXI6YXBhY2hlIC92YXIvd3d3CnN1ZG8gY2htb2QgMjc3NSAvdmFyL3d3dyAmJiBmaW5kIC92YXIvd3d3IC10eXBlIGQgLWV4ZWMgc3VkbyBjaG1vZCAyNzc1IHt9IFw7CmN1cmwgLU8gaHR0cHM6Ly9yYXcuZ2l0aHVidXNlcmNvbnRlbnQuY29tL3dwLWNsaS9idWlsZHMvZ2gtcGFnZXMvcGhhci93cC1jbGkucGhhcgpjaG1vZCAreCB3cC1jbGkucGhhcgpzdWRvIG12IHdwLWNsaS5waGFyIC91c3IvbG9jYWwvYmluL3dwCmNkIC92YXIvd3d3L2h0bWwKd3AgY29yZSBkb3dubG9hZApjcCAtcCB3cC1jb25maWctc2FtcGxlLnBocCB3cC1jb25maWcucGhwCnNlZCAtaSAncy9kYXRhYmFzZV9uYW1lX2hlcmUvV1BEQi8nIHdwLWNvbmZpZy5waHAKc2VkIC1pICdzL3VzZXJuYW1lX2hlcmUvd3BhZG1pbi8nIHdwLWNvbmZpZy5waHAKc2VkIC1pICdzL3Bhc3N3b3JkX2hlcmUvTGJKejRTVlFMN29NLycgd3AtY29uZmlnLnBocApzZWQgLWkgJ3MvbG9jYWxob3N0L3dvcmRwcmVzcy1kYi5jaG5tYjlvZ3ZkcmouZXUtd2VzdC0xLnJkcy5hbWF6b25hd3MuY29tLycgd3AtY29uZmlnLnBocApzZWQgLWkgJy9wdXQgeW91ciB1bmlxdWUgcGhyYXNlIGhlcmUvZCcgd3AtY29uZmlnLnBocApjdXJsIGh0dHBzOi8vYXBpLndvcmRwcmVzcy5vcmcvc2VjcmV0LWtleS8xLjEvc2FsdC8gPj4gd3AtY29uZmlnLnBocCAKc3VkbyBjaG93biAtUiBlYzItdXNlcjphcGFjaGUgL3Zhci93d3cKCmlmIFtbIGBob3N0bmFtZWAgPT0gIndvcmRwcmVzcy0wMSIgXV07IHRoZW4KICBlY2hvIEkgYW0gbnVtYmVyIDAxCiAgZWNobyBHRVQgUFVCTElDIElQIE9SIEZRRE4KICBjZCAvdG1wCiAgY3VybCAtTEogaHR0cHM6Ly9naXRodWIuY29tL3Bpcm9mZi93b3JkcHJlc3MvdGFyYmFsbC9tYWluIC1vIHdvcmRwcmVzcy50YXIuZ3oKICB0YXIgeHpmIHdvcmRwcmVzcy50YXIuZ3oKICBmaW5kIC4gLW5hbWUgYmxvZ3Bvc3RfYm9keS50eHQgLWV4ZWMgbXYge30gLi8gXDsKICBmaW5kIC4gLW5hbWUgY3Jvbi5zaCAtZXhlYyBtdiB7fSAuLyBcOwogIGNob3duIGVjMi11c2VyOmVjMi11c2VyIGJsb2dwb3N0X2JvZHkudHh0IGNyb24uc2gKICBjaG1vZCAreCBjcm9uLnNoCiAgc2VkIC1pICdzL0RCX1VTRVIvd3BhZG1pbi8nIGNyb24uc2gKICBzZWQgLWkgJ3MvREJfUEFTUy9MYkp6NFNWUUw3b00vJyBjcm9uLnNoCiAgc2VkIC1pICdzL0RCX05BTUUvV1BEQi8nIGNyb24uc2gKICBzZWQgLWkgJ3MvREJfQUREUi93b3JkcHJlc3MtZGIuY2hubWI5b2d2ZHJqLmV1LXdlc3QtMS5yZHMuYW1hem9uYXdzLmNvbS8nIGNyb24uc2gKICBtdiBjcm9uLnNoIC9ob21lL2VjMi11c2VyLwogIGNkIC92YXIvd3d3L2h0bWwKICB3cCBjb3JlIGluc3RhbGwgLS11cmw9IndvcmRwcmVzcy1hbGItMTgwMTIxMzM3OC5ldS13ZXN0LTEuZWxiLmFtYXpvbmF3cy5jb20iIC0tdGl0bGU9IkRleHQiIC0tYWRtaW5fdXNlcj0id3BhZG1pbiIgLS1hZG1pbl9wYXNzd29yZD0iTGJKejRTVlFMN29NIiAtLWFkbWluX2VtYWlsPSJteUBtYS5pbCIKICB3cCBwb3N0IGRlbGV0ZSAkKHdwIHBvc3QgbGlzdCAtLXBvc3Rfc3RhdHVzPXB1Ymxpc2ggLS1mb3JtYXQ9aWRzKQogIHdwIHBvc3QgZGVsZXRlICQod3AgcG9zdCBsaXN0IC0tcG9zdF9zdGF0dXM9dHJhc2ggLS1mb3JtYXQ9aWRzKQogIHdwIHBvc3QgY3JlYXRlIC90bXAvYmxvZ3Bvc3RfYm9keS50eHQgLS1wb3N0X3RpdGxlPSdMaW51eCBuYW1lc3BhY2VzJyAtLXBvc3Rfc3RhdHVzPSdwdWJsaXNoJwogIGVjaG8gIjAgMyAqICogMCAvaG9tZS9lYzItdXNlci9jcm9uLnNoID4gL2Rldi9udWxsIDI+JjEiIHwgdGVlIC92YXIvc3Bvb2wvY3Jvbi9lYzItdXNlcgpmaQoNCi0tTUlNRUJPVU5EQVJZLS0NCg==",
            "volume_tags": null,
            "vpc_security_group_ids": [
              "sg-0d7d5680cc4a71f8b"
            ]
          },
          "sensitive_attributes": [],
          "private": "eyJlMmJmYjczMC1lY2FhLTExZTYtOGY4OC0zNDM2M2JjN2M0YzAiOnsiY3JlYXRlIjo2MDAwMDAwMDAwMDAsImRlbGV0ZSI6MTIwMDAwMDAwMDAwMCwidXBkYXRlIjo2MDAwMDAwMDAwMDB9LCJzY2hlbWFfdmVyc2lvbiI6IjEifQ==",
          "dependencies": [
            "data.template_cloudinit_config.user_data_wp",
            "module.alb.aws_lb.this",
            "module.db_default.module.db_instance.aws_db_instance.this",
            "module.db_default.module.db_instance.aws_db_instance.this_mssql",
            "module.db_default.module.db_instance.aws_iam_role.enhanced_monitoring",
            "module.db_default.module.db_instance.random_id.snapshot_identifier",
            "module.db_default.module.db_option_group.aws_db_option_group.this",
            "module.db_default.module.db_parameter_group.aws_db_parameter_group.this",
            "module.db_default.module.db_subnet_group.aws_db_subnet_group.this",
            "module.db_default.random_password.master_password",
            "module.security_group.aws_security_group.this",
            "module.security_group.aws_security_group.this_name_prefix",
            "module.security_group_rds.aws_security_group.this",
            "module.security_group_rds.aws_security_group.this_name_prefix",
            "module.vpc.aws_subnet.database",
            "module.vpc.aws_subnet.public",
            "module.vpc.aws_vpc.this",
            "module.vpc.aws_vpc_ipv4_cidr_block_association.this"
          ],
          "create_before_destroy": true
        }
      ]
    },
    {
      "module": "module.security_group",
      "mode": "managed",
      "type": "aws_security_group",
      "name": "this_name_prefix",
      "provider": "provider[\"registry.terraform.io/hashicorp/aws\"]",
      "instances": [
        {
          "index_key": 0,
          "schema_version": 1,
          "attributes": {
            "arn": "arn:aws:ec2:eu-west-1:847313801937:security-group/sg-0d7d5680cc4a71f8b",
            "description": "Security group for EC2 instance",
            "egress": [],
            "id": "sg-0d7d5680cc4a71f8b",
            "ingress": [],
            "name": "Wordpress-20211127163742951100000002",
            "name_prefix": "Wordpress-",
            "owner_id": "847313801937",
            "revoke_rules_on_delete": false,
            "tags": {
              "Environment": "Wordpress",
              "Name": "Wordpress",
              "Owner": "Dext"
            },
            "tags_all": {
              "Environment": "Wordpress",
              "Name": "Wordpress",
              "Owner": "Dext"
            },
            "timeouts": {
              "create": "10m",
              "delete": "15m"
            },
            "vpc_id": "vpc-004c78650c1507339"
          },
          "sensitive_attributes": [],
          "private": "eyJlMmJmYjczMC1lY2FhLTExZTYtOGY4OC0zNDM2M2JjN2M0YzAiOnsiY3JlYXRlIjo2MDAwMDAwMDAwMDAsImRlbGV0ZSI6OTAwMDAwMDAwMDAwfSwic2NoZW1hX3ZlcnNpb24iOiIxIn0=",
          "dependencies": [
            "module.vpc.aws_vpc.this"
          ],
          "create_before_destroy": true
        }
      ]
    },
    {
      "module": "module.security_group",
      "mode": "managed",
      "type": "aws_security_group_rule",
      "name": "egress_rules",
      "provider": "provider[\"registry.terraform.io/hashicorp/aws\"]",
      "instances": [
        {
          "index_key": 0,
          "schema_version": 2,
          "attributes": {
            "cidr_blocks": [
              "0.0.0.0/0"
            ],
            "description": "All protocols",
            "from_port": -1,
            "id": "sgrule-2693872728",
            "ipv6_cidr_blocks": [
              "::/0"
            ],
            "prefix_list_ids": [],
            "protocol": "-1",
            "security_group_id": "sg-0d7d5680cc4a71f8b",
            "self": false,
            "source_security_group_id": null,
            "to_port": -1,
            "type": "egress"
          },
          "sensitive_attributes": [],
          "private": "eyJzY2hlbWFfdmVyc2lvbiI6IjIifQ==",
          "dependencies": [
            "module.security_group.aws_security_group.this",
            "module.security_group.aws_security_group.this_name_prefix",
            "module.vpc.aws_vpc.this"
          ]
        }
      ]
    },
    {
      "module": "module.security_group",
      "mode": "managed",
      "type": "aws_security_group_rule",
      "name": "ingress_rules",
      "provider": "provider[\"registry.terraform.io/hashicorp/aws\"]",
      "instances": [
        {
          "index_key": 0,
          "schema_version": 2,
          "attributes": {
            "cidr_blocks": [
              "0.0.0.0/0"
            ],
            "description": "SSH",
            "from_port": 22,
            "id": "sgrule-1558411103",
            "ipv6_cidr_blocks": [],
            "prefix_list_ids": [],
            "protocol": "tcp",
            "security_group_id": "sg-0d7d5680cc4a71f8b",
            "self": false,
            "source_security_group_id": null,
            "to_port": 22,
            "type": "ingress"
          },
          "sensitive_attributes": [],
          "private": "eyJzY2hlbWFfdmVyc2lvbiI6IjIifQ==",
          "dependencies": [
            "module.security_group.aws_security_group.this",
            "module.security_group.aws_security_group.this_name_prefix",
            "module.vpc.aws_vpc.this"
          ]
        },
        {
          "index_key": 1,
          "schema_version": 2,
          "attributes": {
            "cidr_blocks": [
              "0.0.0.0/0"
            ],
            "description": "HTTP",
            "from_port": 80,
            "id": "sgrule-3932760810",
            "ipv6_cidr_blocks": [],
            "prefix_list_ids": [],
            "protocol": "tcp",
            "security_group_id": "sg-0d7d5680cc4a71f8b",
            "self": false,
            "source_security_group_id": null,
            "to_port": 80,
            "type": "ingress"
          },
          "sensitive_attributes": [],
          "private": "eyJzY2hlbWFfdmVyc2lvbiI6IjIifQ==",
          "dependencies": [
            "module.security_group.aws_security_group.this",
            "module.security_group.aws_security_group.this_name_prefix",
            "module.vpc.aws_vpc.this"
          ]
        },
        {
          "index_key": 2,
          "schema_version": 2,
          "attributes": {
            "cidr_blocks": [
              "0.0.0.0/0"
            ],
            "description": "All IPV4 ICMP",
            "from_port": -1,
            "id": "sgrule-1112965212",
            "ipv6_cidr_blocks": [],
            "prefix_list_ids": [],
            "protocol": "icmp",
            "security_group_id": "sg-0d7d5680cc4a71f8b",
            "self": false,
            "source_security_group_id": null,
            "to_port": -1,
            "type": "ingress"
          },
          "sensitive_attributes": [],
          "private": "eyJzY2hlbWFfdmVyc2lvbiI6IjIifQ==",
          "dependencies": [
            "module.security_group.aws_security_group.this",
            "module.security_group.aws_security_group.this_name_prefix",
            "module.vpc.aws_vpc.this"
          ]
        }
      ]
    },
    {
      "module": "module.security_group_rds",
      "mode": "managed",
      "type": "aws_security_group",
      "name": "this_name_prefix",
      "provider": "provider[\"registry.terraform.io/hashicorp/aws\"]",
      "instances": [
        {
          "index_key": 0,
          "schema_version": 1,
          "attributes": {
            "arn": "arn:aws:ec2:eu-west-1:847313801937:security-group/sg-0beef99801e864c0a",
            "description": "Complete MySQL example security group",
            "egress": [],
            "id": "sg-0beef99801e864c0a",
            "ingress": [],
            "name": "wordpress-rds-20211127163742928000000001",
            "name_prefix": "wordpress-rds-",
            "owner_id": "847313801937",
            "revoke_rules_on_delete": false,
            "tags": {
              "Environment": "Wordpress",
              "Name": "wordpress-rds",
              "Owner": "Dext"
            },
            "tags_all": {
              "Environment": "Wordpress",
              "Name": "wordpress-rds",
              "Owner": "Dext"
            },
            "timeouts": {
              "create": "10m",
              "delete": "15m"
            },
            "vpc_id": "vpc-004c78650c1507339"
          },
          "sensitive_attributes": [],
          "private": "eyJlMmJmYjczMC1lY2FhLTExZTYtOGY4OC0zNDM2M2JjN2M0YzAiOnsiY3JlYXRlIjo2MDAwMDAwMDAwMDAsImRlbGV0ZSI6OTAwMDAwMDAwMDAwfSwic2NoZW1hX3ZlcnNpb24iOiIxIn0=",
          "dependencies": [
            "module.vpc.aws_vpc.this"
          ],
          "create_before_destroy": true
        }
      ]
    },
    {
      "module": "module.security_group_rds",
      "mode": "managed",
      "type": "aws_security_group_rule",
      "name": "ingress_with_cidr_blocks",
      "provider": "provider[\"registry.terraform.io/hashicorp/aws\"]",
      "instances": [
        {
          "index_key": 0,
          "schema_version": 2,
          "attributes": {
            "cidr_blocks": [
              "192.168.0.0/24"
            ],
            "description": "MySQL access from within VPC",
            "from_port": 3306,
            "id": "sgrule-1542148254",
            "ipv6_cidr_blocks": null,
            "prefix_list_ids": [],
            "protocol": "tcp",
            "security_group_id": "sg-0beef99801e864c0a",
            "self": false,
            "source_security_group_id": null,
            "to_port": 3306,
            "type": "ingress"
          },
          "sensitive_attributes": [],
          "private": "eyJzY2hlbWFfdmVyc2lvbiI6IjIifQ==",
          "dependencies": [
            "module.security_group_rds.aws_security_group.this",
            "module.security_group_rds.aws_security_group.this_name_prefix",
            "module.vpc.aws_vpc.this"
          ]
        }
      ]
    },
    {
      "module": "module.vpc",
      "mode": "managed",
      "type": "aws_db_subnet_group",
      "name": "database",
      "provider": "provider[\"registry.terraform.io/hashicorp/aws\"]",
      "instances": [
        {
          "index_key": 0,
          "schema_version": 0,
          "attributes": {
            "arn": "arn:aws:rds:eu-west-1:847313801937:subgrp:wordpress",
            "description": "Database subnet group for Wordpress",
            "id": "wordpress",
            "name": "wordpress",
            "name_prefix": null,
            "subnet_ids": [
              "subnet-02b442681d7963b0d",
              "subnet-0c6380f7c90068524"
            ],
            "tags": {
              "Environment": "Wordpress",
              "Name": "wordpress",
              "Owner": "Dext"
            },
            "tags_all": {
              "Environment": "Wordpress",
              "Name": "wordpress",
              "Owner": "Dext"
            }
          },
          "sensitive_attributes": [],
          "private": "bnVsbA==",
          "dependencies": [
            "module.vpc.aws_subnet.database",
            "module.vpc.aws_vpc.this",
            "module.vpc.aws_vpc_ipv4_cidr_block_association.this"
          ]
        }
      ]
    },
    {
      "module": "module.vpc",
      "mode": "managed",
      "type": "aws_internet_gateway",
      "name": "this",
      "provider": "provider[\"registry.terraform.io/hashicorp/aws\"]",
      "instances": [
        {
          "index_key": 0,
          "schema_version": 0,
          "attributes": {
            "arn": "arn:aws:ec2:eu-west-1:847313801937:internet-gateway/igw-05bdb6beaff3238b3",
            "id": "igw-05bdb6beaff3238b3",
            "owner_id": "847313801937",
            "tags": {
              "Environment": "Wordpress",
              "Name": "Wordpress",
              "Owner": "Dext"
            },
            "tags_all": {
              "Environment": "Wordpress",
              "Name": "Wordpress",
              "Owner": "Dext"
            },
            "vpc_id": "vpc-004c78650c1507339"
          },
          "sensitive_attributes": [],
          "private": "bnVsbA==",
          "dependencies": [
            "module.vpc.aws_vpc.this",
            "module.vpc.aws_vpc_ipv4_cidr_block_association.this"
          ]
        }
      ]
    },
    {
      "module": "module.vpc",
      "mode": "managed",
      "type": "aws_route",
      "name": "public_internet_gateway",
      "provider": "provider[\"registry.terraform.io/hashicorp/aws\"]",
      "instances": [
        {
          "index_key": 0,
          "schema_version": 0,
          "attributes": {
            "carrier_gateway_id": "",
            "destination_cidr_block": "0.0.0.0/0",
            "destination_ipv6_cidr_block": "",
            "destination_prefix_list_id": "",
            "egress_only_gateway_id": "",
            "gateway_id": "igw-05bdb6beaff3238b3",
            "id": "r-rtb-084ae68efa5a041b51080289494",
            "instance_id": "",
            "instance_owner_id": "",
            "local_gateway_id": "",
            "nat_gateway_id": "",
            "network_interface_id": "",
            "origin": "CreateRoute",
            "route_table_id": "rtb-084ae68efa5a041b5",
            "state": "active",
            "timeouts": {
              "create": "5m",
              "delete": null,
              "update": null
            },
            "transit_gateway_id": "",
            "vpc_endpoint_id": "",
            "vpc_peering_connection_id": ""
          },
          "sensitive_attributes": [],
          "private": "eyJlMmJmYjczMC1lY2FhLTExZTYtOGY4OC0zNDM2M2JjN2M0YzAiOnsiY3JlYXRlIjozMDAwMDAwMDAwMDAsImRlbGV0ZSI6MzAwMDAwMDAwMDAwLCJ1cGRhdGUiOjEyMDAwMDAwMDAwMH19",
          "dependencies": [
            "module.vpc.aws_internet_gateway.this",
            "module.vpc.aws_route_table.public",
            "module.vpc.aws_vpc.this",
            "module.vpc.aws_vpc_ipv4_cidr_block_association.this"
          ]
        }
      ]
    },
    {
      "module": "module.vpc",
      "mode": "managed",
      "type": "aws_route_table",
      "name": "private",
      "provider": "provider[\"registry.terraform.io/hashicorp/aws\"]",
      "instances": [
        {
          "index_key": 0,
          "schema_version": 0,
          "attributes": {
            "arn": "arn:aws:ec2:eu-west-1:847313801937:route-table/rtb-0f6b5ba8e17dd22e9",
            "id": "rtb-0f6b5ba8e17dd22e9",
            "owner_id": "847313801937",
            "propagating_vgws": [],
            "route": [],
            "tags": {
              "Environment": "Wordpress",
              "Name": "Wordpress-private-eu-west-1a",
              "Owner": "Dext"
            },
            "tags_all": {
              "Environment": "Wordpress",
              "Name": "Wordpress-private-eu-west-1a",
              "Owner": "Dext"
            },
            "timeouts": null,
            "vpc_id": "vpc-004c78650c1507339"
          },
          "sensitive_attributes": [],
          "private": "eyJlMmJmYjczMC1lY2FhLTExZTYtOGY4OC0zNDM2M2JjN2M0YzAiOnsiY3JlYXRlIjoxMjAwMDAwMDAwMDAsImRlbGV0ZSI6MzAwMDAwMDAwMDAwLCJ1cGRhdGUiOjEyMDAwMDAwMDAwMH19",
          "dependencies": [
            "module.vpc.aws_vpc.this",
            "module.vpc.aws_vpc_ipv4_cidr_block_association.this"
          ]
        },
        {
          "index_key": 1,
          "schema_version": 0,
          "attributes": {
            "arn": "arn:aws:ec2:eu-west-1:847313801937:route-table/rtb-08bb6918289eb1dbb",
            "id": "rtb-08bb6918289eb1dbb",
            "owner_id": "847313801937",
            "propagating_vgws": [],
            "route": [],
            "tags": {
              "Environment": "Wordpress",
              "Name": "Wordpress-private-eu-west-1b",
              "Owner": "Dext"
            },
            "tags_all": {
              "Environment": "Wordpress",
              "Name": "Wordpress-private-eu-west-1b",
              "Owner": "Dext"
            },
            "timeouts": null,
            "vpc_id": "vpc-004c78650c1507339"
          },
          "sensitive_attributes": [],
          "private": "eyJlMmJmYjczMC1lY2FhLTExZTYtOGY4OC0zNDM2M2JjN2M0YzAiOnsiY3JlYXRlIjoxMjAwMDAwMDAwMDAsImRlbGV0ZSI6MzAwMDAwMDAwMDAwLCJ1cGRhdGUiOjEyMDAwMDAwMDAwMH19",
          "dependencies": [
            "module.vpc.aws_vpc.this",
            "module.vpc.aws_vpc_ipv4_cidr_block_association.this"
          ]
        }
      ]
    },
    {
      "module": "module.vpc",
      "mode": "managed",
      "type": "aws_route_table",
      "name": "public",
      "provider": "provider[\"registry.terraform.io/hashicorp/aws\"]",
      "instances": [
        {
          "index_key": 0,
          "schema_version": 0,
          "attributes": {
            "arn": "arn:aws:ec2:eu-west-1:847313801937:route-table/rtb-084ae68efa5a041b5",
            "id": "rtb-084ae68efa5a041b5",
            "owner_id": "847313801937",
            "propagating_vgws": [],
            "route": [],
            "tags": {
              "Environment": "Wordpress",
              "Name": "Wordpress-public",
              "Owner": "Dext"
            },
            "tags_all": {
              "Environment": "Wordpress",
              "Name": "Wordpress-public",
              "Owner": "Dext"
            },
            "timeouts": null,
            "vpc_id": "vpc-004c78650c1507339"
          },
          "sensitive_attributes": [],
          "private": "eyJlMmJmYjczMC1lY2FhLTExZTYtOGY4OC0zNDM2M2JjN2M0YzAiOnsiY3JlYXRlIjoxMjAwMDAwMDAwMDAsImRlbGV0ZSI6MzAwMDAwMDAwMDAwLCJ1cGRhdGUiOjEyMDAwMDAwMDAwMH19",
          "dependencies": [
            "module.vpc.aws_vpc.this",
            "module.vpc.aws_vpc_ipv4_cidr_block_association.this"
          ]
        }
      ]
    },
    {
      "module": "module.vpc",
      "mode": "managed",
      "type": "aws_route_table_association",
      "name": "database",
      "provider": "provider[\"registry.terraform.io/hashicorp/aws\"]",
      "instances": [
        {
          "index_key": 0,
          "schema_version": 0,
          "attributes": {
            "gateway_id": "",
            "id": "rtbassoc-06328419cebdf9dbc",
            "route_table_id": "rtb-0f6b5ba8e17dd22e9",
            "subnet_id": "subnet-0c6380f7c90068524"
          },
          "sensitive_attributes": [],
          "private": "bnVsbA==",
          "dependencies": [
            "module.vpc.aws_route_table.database",
            "module.vpc.aws_route_table.private",
            "module.vpc.aws_subnet.database",
            "module.vpc.aws_vpc.this",
            "module.vpc.aws_vpc_ipv4_cidr_block_association.this"
          ]
        },
        {
          "index_key": 1,
          "schema_version": 0,
          "attributes": {
            "gateway_id": "",
            "id": "rtbassoc-0f24a2647396ae924",
            "route_table_id": "rtb-08bb6918289eb1dbb",
            "subnet_id": "subnet-02b442681d7963b0d"
          },
          "sensitive_attributes": [],
          "private": "bnVsbA==",
          "dependencies": [
            "module.vpc.aws_route_table.database",
            "module.vpc.aws_route_table.private",
            "module.vpc.aws_subnet.database",
            "module.vpc.aws_vpc.this",
            "module.vpc.aws_vpc_ipv4_cidr_block_association.this"
          ]
        }
      ]
    },
    {
      "module": "module.vpc",
      "mode": "managed",
      "type": "aws_route_table_association",
      "name": "private",
      "provider": "provider[\"registry.terraform.io/hashicorp/aws\"]",
      "instances": [
        {
          "index_key": 0,
          "schema_version": 0,
          "attributes": {
            "gateway_id": "",
            "id": "rtbassoc-0e8d704cca3a3e91d",
            "route_table_id": "rtb-0f6b5ba8e17dd22e9",
            "subnet_id": "subnet-08dca4f48174a794b"
          },
          "sensitive_attributes": [],
          "private": "bnVsbA==",
          "dependencies": [
            "module.vpc.aws_route_table.private",
            "module.vpc.aws_subnet.private",
            "module.vpc.aws_vpc.this",
            "module.vpc.aws_vpc_ipv4_cidr_block_association.this"
          ]
        },
        {
          "index_key": 1,
          "schema_version": 0,
          "attributes": {
            "gateway_id": "",
            "id": "rtbassoc-0d80dd3a227d80149",
            "route_table_id": "rtb-08bb6918289eb1dbb",
            "subnet_id": "subnet-06c11a4fe4041f6ae"
          },
          "sensitive_attributes": [],
          "private": "bnVsbA==",
          "dependencies": [
            "module.vpc.aws_route_table.private",
            "module.vpc.aws_subnet.private",
            "module.vpc.aws_vpc.this",
            "module.vpc.aws_vpc_ipv4_cidr_block_association.this"
          ]
        }
      ]
    },
    {
      "module": "module.vpc",
      "mode": "managed",
      "type": "aws_route_table_association",
      "name": "public",
      "provider": "provider[\"registry.terraform.io/hashicorp/aws\"]",
      "instances": [
        {
          "index_key": 0,
          "schema_version": 0,
          "attributes": {
            "gateway_id": "",
            "id": "rtbassoc-0cae19f483e3463d9",
            "route_table_id": "rtb-084ae68efa5a041b5",
            "subnet_id": "subnet-0073bfc437d8159f6"
          },
          "sensitive_attributes": [],
          "private": "bnVsbA==",
          "dependencies": [
            "module.vpc.aws_route_table.public",
            "module.vpc.aws_subnet.public",
            "module.vpc.aws_vpc.this",
            "module.vpc.aws_vpc_ipv4_cidr_block_association.this"
          ]
        },
        {
          "index_key": 1,
          "schema_version": 0,
          "attributes": {
            "gateway_id": "",
            "id": "rtbassoc-047e00b81e299e0c4",
            "route_table_id": "rtb-084ae68efa5a041b5",
            "subnet_id": "subnet-0f71714c09ba57c0f"
          },
          "sensitive_attributes": [],
          "private": "bnVsbA==",
          "dependencies": [
            "module.vpc.aws_route_table.public",
            "module.vpc.aws_subnet.public",
            "module.vpc.aws_vpc.this",
            "module.vpc.aws_vpc_ipv4_cidr_block_association.this"
          ]
        }
      ]
    },
    {
      "module": "module.vpc",
      "mode": "managed",
      "type": "aws_subnet",
      "name": "database",
      "provider": "provider[\"registry.terraform.io/hashicorp/aws\"]",
      "instances": [
        {
          "index_key": 0,
          "schema_version": 1,
          "attributes": {
            "arn": "arn:aws:ec2:eu-west-1:847313801937:subnet/subnet-0c6380f7c90068524",
            "assign_ipv6_address_on_creation": false,
            "availability_zone": "eu-west-1a",
            "availability_zone_id": "euw1-az1",
            "cidr_block": "192.168.0.64/28",
            "customer_owned_ipv4_pool": "",
            "id": "subnet-0c6380f7c90068524",
            "ipv6_cidr_block": "",
            "ipv6_cidr_block_association_id": "",
            "map_customer_owned_ip_on_launch": false,
            "map_public_ip_on_launch": false,
            "outpost_arn": "",
            "owner_id": "847313801937",
            "tags": {
              "Environment": "Wordpress",
              "Name": "Wordpress-db-eu-west-1a",
              "Owner": "Dext"
            },
            "tags_all": {
              "Environment": "Wordpress",
              "Name": "Wordpress-db-eu-west-1a",
              "Owner": "Dext"
            },
            "timeouts": null,
            "vpc_id": "vpc-004c78650c1507339"
          },
          "sensitive_attributes": [],
          "private": "eyJlMmJmYjczMC1lY2FhLTExZTYtOGY4OC0zNDM2M2JjN2M0YzAiOnsiY3JlYXRlIjo2MDAwMDAwMDAwMDAsImRlbGV0ZSI6MTIwMDAwMDAwMDAwMH0sInNjaGVtYV92ZXJzaW9uIjoiMSJ9",
          "dependencies": [
            "module.vpc.aws_vpc.this",
            "module.vpc.aws_vpc_ipv4_cidr_block_association.this"
          ],
          "create_before_destroy": true
        },
        {
          "index_key": 1,
          "schema_version": 1,
          "attributes": {
            "arn": "arn:aws:ec2:eu-west-1:847313801937:subnet/subnet-02b442681d7963b0d",
            "assign_ipv6_address_on_creation": false,
            "availability_zone": "eu-west-1b",
            "availability_zone_id": "euw1-az2",
            "cidr_block": "192.168.0.80/28",
            "customer_owned_ipv4_pool": "",
            "id": "subnet-02b442681d7963b0d",
            "ipv6_cidr_block": "",
            "ipv6_cidr_block_association_id": "",
            "map_customer_owned_ip_on_launch": false,
            "map_public_ip_on_launch": false,
            "outpost_arn": "",
            "owner_id": "847313801937",
            "tags": {
              "Environment": "Wordpress",
              "Name": "Wordpress-db-eu-west-1b",
              "Owner": "Dext"
            },
            "tags_all": {
              "Environment": "Wordpress",
              "Name": "Wordpress-db-eu-west-1b",
              "Owner": "Dext"
            },
            "timeouts": null,
            "vpc_id": "vpc-004c78650c1507339"
          },
          "sensitive_attributes": [],
          "private": "eyJlMmJmYjczMC1lY2FhLTExZTYtOGY4OC0zNDM2M2JjN2M0YzAiOnsiY3JlYXRlIjo2MDAwMDAwMDAwMDAsImRlbGV0ZSI6MTIwMDAwMDAwMDAwMH0sInNjaGVtYV92ZXJzaW9uIjoiMSJ9",
          "dependencies": [
            "module.vpc.aws_vpc.this",
            "module.vpc.aws_vpc_ipv4_cidr_block_association.this"
          ],
          "create_before_destroy": true
        }
      ]
    },
    {
      "module": "module.vpc",
      "mode": "managed",
      "type": "aws_subnet",
      "name": "private",
      "provider": "provider[\"registry.terraform.io/hashicorp/aws\"]",
      "instances": [
        {
          "index_key": 0,
          "schema_version": 1,
          "attributes": {
            "arn": "arn:aws:ec2:eu-west-1:847313801937:subnet/subnet-08dca4f48174a794b",
            "assign_ipv6_address_on_creation": false,
            "availability_zone": "eu-west-1a",
            "availability_zone_id": "euw1-az1",
            "cidr_block": "192.168.0.32/28",
            "customer_owned_ipv4_pool": "",
            "id": "subnet-08dca4f48174a794b",
            "ipv6_cidr_block": "",
            "ipv6_cidr_block_association_id": "",
            "map_customer_owned_ip_on_launch": false,
            "map_public_ip_on_launch": false,
            "outpost_arn": "",
            "owner_id": "847313801937",
            "tags": {
              "Environment": "Wordpress",
              "Name": "Wordpress-private-eu-west-1a",
              "Owner": "Dext"
            },
            "tags_all": {
              "Environment": "Wordpress",
              "Name": "Wordpress-private-eu-west-1a",
              "Owner": "Dext"
            },
            "timeouts": null,
            "vpc_id": "vpc-004c78650c1507339"
          },
          "sensitive_attributes": [],
          "private": "eyJlMmJmYjczMC1lY2FhLTExZTYtOGY4OC0zNDM2M2JjN2M0YzAiOnsiY3JlYXRlIjo2MDAwMDAwMDAwMDAsImRlbGV0ZSI6MTIwMDAwMDAwMDAwMH0sInNjaGVtYV92ZXJzaW9uIjoiMSJ9",
          "dependencies": [
            "module.vpc.aws_vpc.this",
            "module.vpc.aws_vpc_ipv4_cidr_block_association.this"
          ]
        },
        {
          "index_key": 1,
          "schema_version": 1,
          "attributes": {
            "arn": "arn:aws:ec2:eu-west-1:847313801937:subnet/subnet-06c11a4fe4041f6ae",
            "assign_ipv6_address_on_creation": false,
            "availability_zone": "eu-west-1b",
            "availability_zone_id": "euw1-az2",
            "cidr_block": "192.168.0.48/28",
            "customer_owned_ipv4_pool": "",
            "id": "subnet-06c11a4fe4041f6ae",
            "ipv6_cidr_block": "",
            "ipv6_cidr_block_association_id": "",
            "map_customer_owned_ip_on_launch": false,
            "map_public_ip_on_launch": false,
            "outpost_arn": "",
            "owner_id": "847313801937",
            "tags": {
              "Environment": "Wordpress",
              "Name": "Wordpress-private-eu-west-1b",
              "Owner": "Dext"
            },
            "tags_all": {
              "Environment": "Wordpress",
              "Name": "Wordpress-private-eu-west-1b",
              "Owner": "Dext"
            },
            "timeouts": null,
            "vpc_id": "vpc-004c78650c1507339"
          },
          "sensitive_attributes": [],
          "private": "eyJlMmJmYjczMC1lY2FhLTExZTYtOGY4OC0zNDM2M2JjN2M0YzAiOnsiY3JlYXRlIjo2MDAwMDAwMDAwMDAsImRlbGV0ZSI6MTIwMDAwMDAwMDAwMH0sInNjaGVtYV92ZXJzaW9uIjoiMSJ9",
          "dependencies": [
            "module.vpc.aws_vpc.this",
            "module.vpc.aws_vpc_ipv4_cidr_block_association.this"
          ]
        }
      ]
    },
    {
      "module": "module.vpc",
      "mode": "managed",
      "type": "aws_subnet",
      "name": "public",
      "provider": "provider[\"registry.terraform.io/hashicorp/aws\"]",
      "instances": [
        {
          "index_key": 0,
          "schema_version": 1,
          "attributes": {
            "arn": "arn:aws:ec2:eu-west-1:847313801937:subnet/subnet-0073bfc437d8159f6",
            "assign_ipv6_address_on_creation": false,
            "availability_zone": "eu-west-1a",
            "availability_zone_id": "euw1-az1",
            "cidr_block": "192.168.0.0/28",
            "customer_owned_ipv4_pool": "",
            "id": "subnet-0073bfc437d8159f6",
            "ipv6_cidr_block": "",
            "ipv6_cidr_block_association_id": "",
            "map_customer_owned_ip_on_launch": false,
            "map_public_ip_on_launch": true,
            "outpost_arn": "",
            "owner_id": "847313801937",
            "tags": {
              "Environment": "Wordpress",
              "Name": "Wordpress-public-eu-west-1a",
              "Owner": "Dext"
            },
            "tags_all": {
              "Environment": "Wordpress",
              "Name": "Wordpress-public-eu-west-1a",
              "Owner": "Dext"
            },
            "timeouts": null,
            "vpc_id": "vpc-004c78650c1507339"
          },
          "sensitive_attributes": [],
          "private": "eyJlMmJmYjczMC1lY2FhLTExZTYtOGY4OC0zNDM2M2JjN2M0YzAiOnsiY3JlYXRlIjo2MDAwMDAwMDAwMDAsImRlbGV0ZSI6MTIwMDAwMDAwMDAwMH0sInNjaGVtYV92ZXJzaW9uIjoiMSJ9",
          "dependencies": [
            "module.vpc.aws_vpc.this",
            "module.vpc.aws_vpc_ipv4_cidr_block_association.this"
          ],
          "create_before_destroy": true
        },
        {
          "index_key": 1,
          "schema_version": 1,
          "attributes": {
            "arn": "arn:aws:ec2:eu-west-1:847313801937:subnet/subnet-0f71714c09ba57c0f",
            "assign_ipv6_address_on_creation": false,
            "availability_zone": "eu-west-1b",
            "availability_zone_id": "euw1-az2",
            "cidr_block": "192.168.0.16/28",
            "customer_owned_ipv4_pool": "",
            "id": "subnet-0f71714c09ba57c0f",
            "ipv6_cidr_block": "",
            "ipv6_cidr_block_association_id": "",
            "map_customer_owned_ip_on_launch": false,
            "map_public_ip_on_launch": true,
            "outpost_arn": "",
            "owner_id": "847313801937",
            "tags": {
              "Environment": "Wordpress",
              "Name": "Wordpress-public-eu-west-1b",
              "Owner": "Dext"
            },
            "tags_all": {
              "Environment": "Wordpress",
              "Name": "Wordpress-public-eu-west-1b",
              "Owner": "Dext"
            },
            "timeouts": null,
            "vpc_id": "vpc-004c78650c1507339"
          },
          "sensitive_attributes": [],
          "private": "eyJlMmJmYjczMC1lY2FhLTExZTYtOGY4OC0zNDM2M2JjN2M0YzAiOnsiY3JlYXRlIjo2MDAwMDAwMDAwMDAsImRlbGV0ZSI6MTIwMDAwMDAwMDAwMH0sInNjaGVtYV92ZXJzaW9uIjoiMSJ9",
          "dependencies": [
            "module.vpc.aws_vpc.this",
            "module.vpc.aws_vpc_ipv4_cidr_block_association.this"
          ],
          "create_before_destroy": true
        }
      ]
    },
    {
      "module": "module.vpc",
      "mode": "managed",
      "type": "aws_vpc",
      "name": "this",
      "provider": "provider[\"registry.terraform.io/hashicorp/aws\"]",
      "instances": [
        {
          "index_key": 0,
          "schema_version": 1,
          "attributes": {
            "arn": "arn:aws:ec2:eu-west-1:847313801937:vpc/vpc-004c78650c1507339",
            "assign_generated_ipv6_cidr_block": false,
            "cidr_block": "192.168.0.0/24",
            "default_network_acl_id": "acl-07a7a8b9aad413185",
            "default_route_table_id": "rtb-0dd9d1031995b9761",
            "default_security_group_id": "sg-0753fadf1b48ca619",
            "dhcp_options_id": "dopt-b1321cd7",
            "enable_classiclink": false,
            "enable_classiclink_dns_support": false,
            "enable_dns_hostnames": false,
            "enable_dns_support": true,
            "id": "vpc-004c78650c1507339",
            "instance_tenancy": "default",
            "ipv6_association_id": "",
            "ipv6_cidr_block": "",
            "main_route_table_id": "rtb-0dd9d1031995b9761",
            "owner_id": "847313801937",
            "tags": {
              "Environment": "Wordpress",
              "Name": "Wordpress",
              "Owner": "Dext"
            },
            "tags_all": {
              "Environment": "Wordpress",
              "Name": "Wordpress",
              "Owner": "Dext"
            }
          },
          "sensitive_attributes": [],
          "private": "eyJzY2hlbWFfdmVyc2lvbiI6IjEifQ==",
          "create_before_destroy": true
        }
      ]
    }
  ]
}
